// !$*UTF8*$!
{
	archiveVersion = 1;
	classes = {
	};
	objectVersion = 52;
	objects = {

/* Begin PBXBuildFile section */
		02F30CA9AA80841FA6AF6475 /* Pods_ShipAndBox.framework in Frameworks */ = {isa = PBXBuildFile; fileRef = 4963031E43E093E5431B14C6 /* Pods_ShipAndBox.framework */; };
		0410D4DB26B898B4009E5259 /* SABCoOwnerPresenter.swift in Sources */ = {isa = PBXBuildFile; fileRef = 0410D4CA26B898B4009E5259 /* SABCoOwnerPresenter.swift */; };
		0410D4DD26B898B4009E5259 /* PlaceHolderCollectionViewCell.xib in Resources */ = {isa = PBXBuildFile; fileRef = 0410D4D026B898B4009E5259 /* PlaceHolderCollectionViewCell.xib */; };
		0410D4DF26B898B4009E5259 /* CoOwnerCollectionViewCell.xib in Resources */ = {isa = PBXBuildFile; fileRef = 0410D4D326B898B4009E5259 /* CoOwnerCollectionViewCell.xib */; };
		0410D4E026B898B4009E5259 /* CoOwnerCollectionViewCell.swift in Sources */ = {isa = PBXBuildFile; fileRef = 0410D4D426B898B4009E5259 /* CoOwnerCollectionViewCell.swift */; };
		0410D4E126B898B4009E5259 /* SABCoOwnerVC.xib in Resources */ = {isa = PBXBuildFile; fileRef = 0410D4D526B898B4009E5259 /* SABCoOwnerVC.xib */; };
		0410D4E226B898B4009E5259 /* SABCoOwnerVC.swift in Sources */ = {isa = PBXBuildFile; fileRef = 0410D4D626B898B4009E5259 /* SABCoOwnerVC.swift */; };
		0410D4E426B898B4009E5259 /* SABCoOwnerRouter.swift in Sources */ = {isa = PBXBuildFile; fileRef = 0410D4DA26B898B4009E5259 /* SABCoOwnerRouter.swift */; };
		0410D4F426B898BA009E5259 /* SABNewCoOwnerPresenter.swift in Sources */ = {isa = PBXBuildFile; fileRef = 0410D4E926B898BA009E5259 /* SABNewCoOwnerPresenter.swift */; };
		0410D4F626B898BA009E5259 /* SABNewCoOwnerVC.swift in Sources */ = {isa = PBXBuildFile; fileRef = 0410D4ED26B898BA009E5259 /* SABNewCoOwnerVC.swift */; };
		0410D4F726B898BA009E5259 /* SABNewCoOwnerVC.xib in Resources */ = {isa = PBXBuildFile; fileRef = 0410D4EE26B898BA009E5259 /* SABNewCoOwnerVC.xib */; };
		0410D4F926B898BA009E5259 /* SABNewCoOwnerRouter.swift in Sources */ = {isa = PBXBuildFile; fileRef = 0410D4F226B898BA009E5259 /* SABNewCoOwnerRouter.swift */; };
		043775E2269E21D500BCA086 /* OpenpayKit.xcframework in Frameworks */ = {isa = PBXBuildFile; fileRef = 043775DC269E21B500BCA086 /* OpenpayKit.xcframework */; };
		043775E3269E21D500BCA086 /* OpenpayKit.xcframework in Embed Frameworks */ = {isa = PBXBuildFile; fileRef = 043775DC269E21B500BCA086 /* OpenpayKit.xcframework */; settings = {ATTRIBUTES = (CodeSignOnCopy, RemoveHeadersOnCopy, ); }; };
		0448A7A526A0E6CE00B83524 /* SABTabBarHomeVC.xib in Resources */ = {isa = PBXBuildFile; fileRef = 0448A79F26A0E6CE00B83524 /* SABTabBarHomeVC.xib */; };
		0448A7A626A0E6CE00B83524 /* SABTabBarHomePresenter.swift in Sources */ = {isa = PBXBuildFile; fileRef = 0448A7A026A0E6CE00B83524 /* SABTabBarHomePresenter.swift */; };
		0448A7A726A0E6CE00B83524 /* SABTabBarHomeRouter.swift in Sources */ = {isa = PBXBuildFile; fileRef = 0448A7A126A0E6CE00B83524 /* SABTabBarHomeRouter.swift */; };
		0448A7A826A0E6CE00B83524 /* SABTabBarHomeInteractor.swift in Sources */ = {isa = PBXBuildFile; fileRef = 0448A7A226A0E6CE00B83524 /* SABTabBarHomeInteractor.swift */; };
		0448A7A926A0E6CE00B83524 /* SABTabBarHomeProtocol.swift in Sources */ = {isa = PBXBuildFile; fileRef = 0448A7A326A0E6CE00B83524 /* SABTabBarHomeProtocol.swift */; };
		0448A7AA26A0E6CE00B83524 /* SABTabBarHomeVC.swift in Sources */ = {isa = PBXBuildFile; fileRef = 0448A7A426A0E6CE00B83524 /* SABTabBarHomeVC.swift */; };
		047937342694C4B900979654 /* SABLoginRemoteDataManagerInputProtocol.swift in Sources */ = {isa = PBXBuildFile; fileRef = 047937332694C4B900979654 /* SABLoginRemoteDataManagerInputProtocol.swift */; };
		049784B426E12AC700BCD188 /* SABOnBoardingViewController.swift in Sources */ = {isa = PBXBuildFile; fileRef = 049784B226E12AC700BCD188 /* SABOnBoardingViewController.swift */; };
		049784B526E12AC700BCD188 /* SABOnBoardingViewController.xib in Resources */ = {isa = PBXBuildFile; fileRef = 049784B326E12AC700BCD188 /* SABOnBoardingViewController.xib */; };
		0497851526E2CDAA00BCD188 /* SABOnBoardingPackagesCollectionViewCell.swift in Sources */ = {isa = PBXBuildFile; fileRef = 0497851326E2CDAA00BCD188 /* SABOnBoardingPackagesCollectionViewCell.swift */; };
		0497851626E2CDAA00BCD188 /* SABOnBoardingPackagesCollectionViewCell.xib in Resources */ = {isa = PBXBuildFile; fileRef = 0497851426E2CDAA00BCD188 /* SABOnBoardingPackagesCollectionViewCell.xib */; };
		0497851926E2CDC400BCD188 /* SABOnBoardingAdministrationCollectionViewCell.swift in Sources */ = {isa = PBXBuildFile; fileRef = 0497851726E2CDC400BCD188 /* SABOnBoardingAdministrationCollectionViewCell.swift */; };
		0497851A26E2CDC400BCD188 /* SABOnBoardingAdministrationCollectionViewCell.xib in Resources */ = {isa = PBXBuildFile; fileRef = 0497851826E2CDC400BCD188 /* SABOnBoardingAdministrationCollectionViewCell.xib */; };
		0497851D26E2CDDD00BCD188 /* SABOnBoardingCoOwnerCollectionViewCell.swift in Sources */ = {isa = PBXBuildFile; fileRef = 0497851B26E2CDDD00BCD188 /* SABOnBoardingCoOwnerCollectionViewCell.swift */; };
		0497851E26E2CDDD00BCD188 /* SABOnBoardingCoOwnerCollectionViewCell.xib in Resources */ = {isa = PBXBuildFile; fileRef = 0497851C26E2CDDD00BCD188 /* SABOnBoardingCoOwnerCollectionViewCell.xib */; };
		0497852726E9136B00BCD188 /* SABCoOwnerInteractor.swift in Sources */ = {isa = PBXBuildFile; fileRef = 0410D4D826B898B4009E5259 /* SABCoOwnerInteractor.swift */; };
		0497852826E9137900BCD188 /* SABCoOwnerProtocol.swift in Sources */ = {isa = PBXBuildFile; fileRef = 0410D4CC26B898B4009E5259 /* SABCoOwnerProtocol.swift */; };
		0497852926E9139B00BCD188 /* PlaceHolderCollectionViewCell.swift in Sources */ = {isa = PBXBuildFile; fileRef = 0410D4D126B898B4009E5259 /* PlaceHolderCollectionViewCell.swift */; };
		0497852A26E913D300BCD188 /* SABPersonModel.swift in Sources */ = {isa = PBXBuildFile; fileRef = 0410D4E726B898BA009E5259 /* SABPersonModel.swift */; };
		0497852B26E913D900BCD188 /* SABNewCoOwnerProtocol.swift in Sources */ = {isa = PBXBuildFile; fileRef = 0410D4EB26B898BA009E5259 /* SABNewCoOwnerProtocol.swift */; };
		0497852C26E913E100BCD188 /* SABNewCoOwnerInteractor.swift in Sources */ = {isa = PBXBuildFile; fileRef = 0410D4F026B898BA009E5259 /* SABNewCoOwnerInteractor.swift */; };
		04A991F4269E113D00F491A6 /* SABRealizaTuPagoRouter.swift in Sources */ = {isa = PBXBuildFile; fileRef = 04A991E8269E113D00F491A6 /* SABRealizaTuPagoRouter.swift */; };
		04A991F5269E113D00F491A6 /* SABRealizaTuPagoVC.xib in Resources */ = {isa = PBXBuildFile; fileRef = 04A991EA269E113D00F491A6 /* SABRealizaTuPagoVC.xib */; };
		04A991F6269E113D00F491A6 /* SABRealizaTuPagoVC.swift in Sources */ = {isa = PBXBuildFile; fileRef = 04A991EB269E113D00F491A6 /* SABRealizaTuPagoVC.swift */; };
		04A991F7269E113D00F491A6 /* SABRealizaTuPagoProtocol.swift in Sources */ = {isa = PBXBuildFile; fileRef = 04A991ED269E113D00F491A6 /* SABRealizaTuPagoProtocol.swift */; };
		04A991F8269E113D00F491A6 /* SABRealizaTuPagoInteractor.swift in Sources */ = {isa = PBXBuildFile; fileRef = 04A991EF269E113D00F491A6 /* SABRealizaTuPagoInteractor.swift */; };
		04A991F9269E113D00F491A6 /* SABRealizaTuPagoPresenter.swift in Sources */ = {isa = PBXBuildFile; fileRef = 04A991F1269E113D00F491A6 /* SABRealizaTuPagoPresenter.swift */; };
		04A991FA269E113D00F491A6 /* SABRealizaTuPagoRemoteDataManagerInputProtocol.swift in Sources */ = {isa = PBXBuildFile; fileRef = 04A991F3269E113D00F491A6 /* SABRealizaTuPagoRemoteDataManagerInputProtocol.swift */; };
		04B9EAAE26CF0FDE00B553ED /* PrivacyAndTerms.swift in Sources */ = {isa = PBXBuildFile; fileRef = 04B9EAAD26CF0FDE00B553ED /* PrivacyAndTerms.swift */; };
		04B9EAB026CF0FE800B553ED /* PrivacyAndTerms.xib in Resources */ = {isa = PBXBuildFile; fileRef = 04B9EAAF26CF0FE800B553ED /* PrivacyAndTerms.xib */; };
		04BD476D268D0E860058B77A /* SABLoginVC.xib in Resources */ = {isa = PBXBuildFile; fileRef = 04BD4767268D0E860058B77A /* SABLoginVC.xib */; };
		04BD476E268D0E860058B77A /* SABLoginPresenter.swift in Sources */ = {isa = PBXBuildFile; fileRef = 04BD4768268D0E860058B77A /* SABLoginPresenter.swift */; };
		04BD476F268D0E860058B77A /* SABLoginRouter.swift in Sources */ = {isa = PBXBuildFile; fileRef = 04BD4769268D0E860058B77A /* SABLoginRouter.swift */; };
		04BD4770268D0E860058B77A /* SABLoginInteractor.swift in Sources */ = {isa = PBXBuildFile; fileRef = 04BD476A268D0E860058B77A /* SABLoginInteractor.swift */; };
		04BD4771268D0E860058B77A /* SABLoginProtocol.swift in Sources */ = {isa = PBXBuildFile; fileRef = 04BD476B268D0E860058B77A /* SABLoginProtocol.swift */; };
		04BD4772268D0E860058B77A /* SABLoginVC.swift in Sources */ = {isa = PBXBuildFile; fileRef = 04BD476C268D0E860058B77A /* SABLoginVC.swift */; };
		E302687E26A89C2600E59CDE /* SABProfileVC.xib in Resources */ = {isa = PBXBuildFile; fileRef = E302687826A89C2600E59CDE /* SABProfileVC.xib */; };
		E302687F26A89C2600E59CDE /* SABProfilePresenter.swift in Sources */ = {isa = PBXBuildFile; fileRef = E302687926A89C2600E59CDE /* SABProfilePresenter.swift */; };
		E302688026A89C2600E59CDE /* SABProfileRouter.swift in Sources */ = {isa = PBXBuildFile; fileRef = E302687A26A89C2600E59CDE /* SABProfileRouter.swift */; };
		E302688126A89C2600E59CDE /* SABProfileInteractor.swift in Sources */ = {isa = PBXBuildFile; fileRef = E302687B26A89C2600E59CDE /* SABProfileInteractor.swift */; };
		E302688226A89C2600E59CDE /* SABProfileProtocol.swift in Sources */ = {isa = PBXBuildFile; fileRef = E302687C26A89C2600E59CDE /* SABProfileProtocol.swift */; };
		E302688326A89C2600E59CDE /* SABProfileVC.swift in Sources */ = {isa = PBXBuildFile; fileRef = E302687D26A89C2600E59CDE /* SABProfileVC.swift */; };
		E302688D26AA263E00E59CDE /* SABProfileRemoteData.swift in Sources */ = {isa = PBXBuildFile; fileRef = E302688C26AA263E00E59CDE /* SABProfileRemoteData.swift */; };
		E357185726A72E0F007E5DE9 /* RequestIformationRemoteData.swift in Sources */ = {isa = PBXBuildFile; fileRef = E357185626A72E0F007E5DE9 /* RequestIformationRemoteData.swift */; };
		E382333326AF2A89008CA3B9 /* SABProfileEntity.swift in Sources */ = {isa = PBXBuildFile; fileRef = E382333226AF2A89008CA3B9 /* SABProfileEntity.swift */; };
		E382333A26B1B376008CA3B9 /* SABEditProfileVC.xib in Resources */ = {isa = PBXBuildFile; fileRef = E382333426B1B376008CA3B9 /* SABEditProfileVC.xib */; };
		E382333B26B1B376008CA3B9 /* SABEditProfilePresenter.swift in Sources */ = {isa = PBXBuildFile; fileRef = E382333526B1B376008CA3B9 /* SABEditProfilePresenter.swift */; };
		E382333C26B1B376008CA3B9 /* SABEditProfileRouter.swift in Sources */ = {isa = PBXBuildFile; fileRef = E382333626B1B376008CA3B9 /* SABEditProfileRouter.swift */; };
		E382333D26B1B376008CA3B9 /* SABEditProfileInteractor.swift in Sources */ = {isa = PBXBuildFile; fileRef = E382333726B1B376008CA3B9 /* SABEditProfileInteractor.swift */; };
		E382333E26B1B376008CA3B9 /* SABEditProfileProtocol.swift in Sources */ = {isa = PBXBuildFile; fileRef = E382333826B1B376008CA3B9 /* SABEditProfileProtocol.swift */; };
		E382333F26B1B376008CA3B9 /* SABEditProfileVC.swift in Sources */ = {isa = PBXBuildFile; fileRef = E382333926B1B376008CA3B9 /* SABEditProfileVC.swift */; };
		E38341AF26A0A91B00D80F55 /* validationsRegisterNewUser.swift in Sources */ = {isa = PBXBuildFile; fileRef = E38341AE26A0A91B00D80F55 /* validationsRegisterNewUser.swift */; };
		E3C55E55269D0C6B00E312A5 /* SABUserRegisterStepThreeRemoteDataManager.swift in Sources */ = {isa = PBXBuildFile; fileRef = E3C55E47269D0C6B00E312A5 /* SABUserRegisterStepThreeRemoteDataManager.swift */; };
		E3C55E56269D0C6B00E312A5 /* SABUserRegisterStepThreePresenter.swift in Sources */ = {isa = PBXBuildFile; fileRef = E3C55E49269D0C6B00E312A5 /* SABUserRegisterStepThreePresenter.swift */; };
		E3C55E57269D0C6B00E312A5 /* SABUserRegisterStepThreeProtocol.swift in Sources */ = {isa = PBXBuildFile; fileRef = E3C55E4B269D0C6B00E312A5 /* SABUserRegisterStepThreeProtocol.swift */; };
		E3C55E59269D0C6B00E312A5 /* SABUserRegisterStepThreeVC.xib in Resources */ = {isa = PBXBuildFile; fileRef = E3C55E4F269D0C6B00E312A5 /* SABUserRegisterStepThreeVC.xib */; };
		E3C55E5A269D0C6B00E312A5 /* SABUserRegisterStepThreeVC.swift in Sources */ = {isa = PBXBuildFile; fileRef = E3C55E50269D0C6B00E312A5 /* SABUserRegisterStepThreeVC.swift */; };
		E3C55E5B269D0C6B00E312A5 /* SABUserRegisterStepThreeInteractor.swift in Sources */ = {isa = PBXBuildFile; fileRef = E3C55E52269D0C6B00E312A5 /* SABUserRegisterStepThreeInteractor.swift */; };
		E3C55E5C269D0C6B00E312A5 /* SABUserRegisterStepThreeRouter.swift in Sources */ = {isa = PBXBuildFile; fileRef = E3C55E54269D0C6B00E312A5 /* SABUserRegisterStepThreeRouter.swift */; };
		F233E15C268CFF6A00D44AFD /* AppDelegate.swift in Sources */ = {isa = PBXBuildFile; fileRef = F233E15B268CFF6A00D44AFD /* AppDelegate.swift */; };
		F233E15E268CFF6A00D44AFD /* SceneDelegate.swift in Sources */ = {isa = PBXBuildFile; fileRef = F233E15D268CFF6A00D44AFD /* SceneDelegate.swift */; };
		F233E165268CFF6B00D44AFD /* Assets.xcassets in Resources */ = {isa = PBXBuildFile; fileRef = F233E164268CFF6B00D44AFD /* Assets.xcassets */; };
		F233E168268CFF6B00D44AFD /* LaunchScreen.storyboard in Resources */ = {isa = PBXBuildFile; fileRef = F233E166268CFF6B00D44AFD /* LaunchScreen.storyboard */; };
		F24274D9269D247F0070A4F8 /* SABChangePasswordPresenter.swift in Sources */ = {isa = PBXBuildFile; fileRef = F24274CF269D247F0070A4F8 /* SABChangePasswordPresenter.swift */; };
		F24274DA269D247F0070A4F8 /* SABChangePasswordProtocol.swift in Sources */ = {isa = PBXBuildFile; fileRef = F24274D1269D247F0070A4F8 /* SABChangePasswordProtocol.swift */; };
		F24274DB269D247F0070A4F8 /* SABChangePasswordVC.xib in Resources */ = {isa = PBXBuildFile; fileRef = F24274D3269D247F0070A4F8 /* SABChangePasswordVC.xib */; };
		F24274DC269D247F0070A4F8 /* SABChangePasswordVC.swift in Sources */ = {isa = PBXBuildFile; fileRef = F24274D4269D247F0070A4F8 /* SABChangePasswordVC.swift */; };
		F24274DD269D247F0070A4F8 /* SABChangePasswordInteractor.swift in Sources */ = {isa = PBXBuildFile; fileRef = F24274D6269D247F0070A4F8 /* SABChangePasswordInteractor.swift */; };
		F24274DE269D247F0070A4F8 /* SABChangePasswordRouter.swift in Sources */ = {isa = PBXBuildFile; fileRef = F24274D8269D247F0070A4F8 /* SABChangePasswordRouter.swift */; };
		F24274E3269DFD380070A4F8 /* Enums.swift in Sources */ = {isa = PBXBuildFile; fileRef = F24274E2269DFD380070A4F8 /* Enums.swift */; };
		F2995ACF269CFA68000F5FB8 /* ActivityIndicator.swift in Sources */ = {isa = PBXBuildFile; fileRef = F2995ACC269CFA68000F5FB8 /* ActivityIndicator.swift */; };
		F2995AD0269CFA68000F5FB8 /* UtilitiesSAB.swift in Sources */ = {isa = PBXBuildFile; fileRef = F2995ACD269CFA68000F5FB8 /* UtilitiesSAB.swift */; };
		F2995AD1269CFA68000F5FB8 /* YPDrawSignatureView.swift in Sources */ = {isa = PBXBuildFile; fileRef = F2995ACE269CFA68000F5FB8 /* YPDrawSignatureView.swift */; };
		F2995AF0269CFC4E000F5FB8 /* ExternalDataManager.swift in Sources */ = {isa = PBXBuildFile; fileRef = F2995AD6269CFC4E000F5FB8 /* ExternalDataManager.swift */; };
		F2995AF1269CFC4E000F5FB8 /* SABRegisterPresenter.swift in Sources */ = {isa = PBXBuildFile; fileRef = F2995AD8269CFC4E000F5FB8 /* SABRegisterPresenter.swift */; };
		F2995AF2269CFC4E000F5FB8 /* SABRegisterProtocol.swift in Sources */ = {isa = PBXBuildFile; fileRef = F2995ADA269CFC4E000F5FB8 /* SABRegisterProtocol.swift */; };
		F2995AF3269CFC4E000F5FB8 /* SABRegisterVC.swift in Sources */ = {isa = PBXBuildFile; fileRef = F2995ADC269CFC4E000F5FB8 /* SABRegisterVC.swift */; };
		F2995AF4269CFC4E000F5FB8 /* SABRegisterVC.xib in Resources */ = {isa = PBXBuildFile; fileRef = F2995ADD269CFC4E000F5FB8 /* SABRegisterVC.xib */; };
		F2995AF5269CFC4E000F5FB8 /* SABRegisterInteractor.swift in Sources */ = {isa = PBXBuildFile; fileRef = F2995ADF269CFC4E000F5FB8 /* SABRegisterInteractor.swift */; };
		F2995AF6269CFC4E000F5FB8 /* SABRegisterRouter.swift in Sources */ = {isa = PBXBuildFile; fileRef = F2995AE1269CFC4E000F5FB8 /* SABRegisterRouter.swift */; };
		F2995AF7269CFC4E000F5FB8 /* SABRequestInformationEntity.swift in Sources */ = {isa = PBXBuildFile; fileRef = F2995AE4269CFC4E000F5FB8 /* SABRequestInformationEntity.swift */; };
		F2995AF8269CFC4E000F5FB8 /* RequestInformationPresenter.swift in Sources */ = {isa = PBXBuildFile; fileRef = F2995AE6269CFC4E000F5FB8 /* RequestInformationPresenter.swift */; };
		F2995AF9269CFC4E000F5FB8 /* RequestInformationProtocol.swift in Sources */ = {isa = PBXBuildFile; fileRef = F2995AE8269CFC4E000F5FB8 /* RequestInformationProtocol.swift */; };
		F2995AFA269CFC4E000F5FB8 /* RequestInformationVC.xib in Resources */ = {isa = PBXBuildFile; fileRef = F2995AEA269CFC4E000F5FB8 /* RequestInformationVC.xib */; };
		F2995AFB269CFC4E000F5FB8 /* RequestInformationVC.swift in Sources */ = {isa = PBXBuildFile; fileRef = F2995AEB269CFC4E000F5FB8 /* RequestInformationVC.swift */; };
		F2995AFC269CFC4E000F5FB8 /* RequestInformationInteractor.swift in Sources */ = {isa = PBXBuildFile; fileRef = F2995AED269CFC4E000F5FB8 /* RequestInformationInteractor.swift */; };
		F2995AFD269CFC4E000F5FB8 /* RequestInformationRouter.swift in Sources */ = {isa = PBXBuildFile; fileRef = F2995AEF269CFC4E000F5FB8 /* RequestInformationRouter.swift */; };
/* End PBXBuildFile section */

/* Begin PBXCopyFilesBuildPhase section */
		04A99208269E136900F491A6 /* Embed Frameworks */ = {
			isa = PBXCopyFilesBuildPhase;
			buildActionMask = 2147483647;
			dstPath = "";
			dstSubfolderSpec = 10;
			files = (
				043775E3269E21D500BCA086 /* OpenpayKit.xcframework in Embed Frameworks */,
			);
			name = "Embed Frameworks";
			runOnlyForDeploymentPostprocessing = 0;
		};
/* End PBXCopyFilesBuildPhase section */

/* Begin PBXFileReference section */
		0410D4CA26B898B4009E5259 /* SABCoOwnerPresenter.swift */ = {isa = PBXFileReference; fileEncoding = 4; lastKnownFileType = sourcecode.swift; path = SABCoOwnerPresenter.swift; sourceTree = "<group>"; };
		0410D4CC26B898B4009E5259 /* SABCoOwnerProtocol.swift */ = {isa = PBXFileReference; fileEncoding = 4; lastKnownFileType = sourcecode.swift; path = SABCoOwnerProtocol.swift; sourceTree = "<group>"; };
		0410D4D026B898B4009E5259 /* PlaceHolderCollectionViewCell.xib */ = {isa = PBXFileReference; fileEncoding = 4; lastKnownFileType = file.xib; path = PlaceHolderCollectionViewCell.xib; sourceTree = "<group>"; };
		0410D4D126B898B4009E5259 /* PlaceHolderCollectionViewCell.swift */ = {isa = PBXFileReference; fileEncoding = 4; lastKnownFileType = sourcecode.swift; path = PlaceHolderCollectionViewCell.swift; sourceTree = "<group>"; };
		0410D4D326B898B4009E5259 /* CoOwnerCollectionViewCell.xib */ = {isa = PBXFileReference; fileEncoding = 4; lastKnownFileType = file.xib; path = CoOwnerCollectionViewCell.xib; sourceTree = "<group>"; };
		0410D4D426B898B4009E5259 /* CoOwnerCollectionViewCell.swift */ = {isa = PBXFileReference; fileEncoding = 4; lastKnownFileType = sourcecode.swift; path = CoOwnerCollectionViewCell.swift; sourceTree = "<group>"; };
		0410D4D526B898B4009E5259 /* SABCoOwnerVC.xib */ = {isa = PBXFileReference; fileEncoding = 4; lastKnownFileType = file.xib; path = SABCoOwnerVC.xib; sourceTree = "<group>"; };
		0410D4D626B898B4009E5259 /* SABCoOwnerVC.swift */ = {isa = PBXFileReference; fileEncoding = 4; lastKnownFileType = sourcecode.swift; path = SABCoOwnerVC.swift; sourceTree = "<group>"; };
		0410D4D826B898B4009E5259 /* SABCoOwnerInteractor.swift */ = {isa = PBXFileReference; fileEncoding = 4; lastKnownFileType = sourcecode.swift; path = SABCoOwnerInteractor.swift; sourceTree = "<group>"; };
		0410D4DA26B898B4009E5259 /* SABCoOwnerRouter.swift */ = {isa = PBXFileReference; fileEncoding = 4; lastKnownFileType = sourcecode.swift; path = SABCoOwnerRouter.swift; sourceTree = "<group>"; };
		0410D4E726B898BA009E5259 /* SABPersonModel.swift */ = {isa = PBXFileReference; fileEncoding = 4; lastKnownFileType = sourcecode.swift; path = SABPersonModel.swift; sourceTree = "<group>"; };
		0410D4E926B898BA009E5259 /* SABNewCoOwnerPresenter.swift */ = {isa = PBXFileReference; fileEncoding = 4; lastKnownFileType = sourcecode.swift; path = SABNewCoOwnerPresenter.swift; sourceTree = "<group>"; };
		0410D4EB26B898BA009E5259 /* SABNewCoOwnerProtocol.swift */ = {isa = PBXFileReference; fileEncoding = 4; lastKnownFileType = sourcecode.swift; path = SABNewCoOwnerProtocol.swift; sourceTree = "<group>"; };
		0410D4ED26B898BA009E5259 /* SABNewCoOwnerVC.swift */ = {isa = PBXFileReference; fileEncoding = 4; lastKnownFileType = sourcecode.swift; path = SABNewCoOwnerVC.swift; sourceTree = "<group>"; };
		0410D4EE26B898BA009E5259 /* SABNewCoOwnerVC.xib */ = {isa = PBXFileReference; fileEncoding = 4; lastKnownFileType = file.xib; path = SABNewCoOwnerVC.xib; sourceTree = "<group>"; };
		0410D4F026B898BA009E5259 /* SABNewCoOwnerInteractor.swift */ = {isa = PBXFileReference; fileEncoding = 4; lastKnownFileType = sourcecode.swift; path = SABNewCoOwnerInteractor.swift; sourceTree = "<group>"; };
		0410D4F226B898BA009E5259 /* SABNewCoOwnerRouter.swift */ = {isa = PBXFileReference; fileEncoding = 4; lastKnownFileType = sourcecode.swift; path = SABNewCoOwnerRouter.swift; sourceTree = "<group>"; };
		043775DC269E21B500BCA086 /* OpenpayKit.xcframework */ = {isa = PBXFileReference; lastKnownFileType = wrapper.xcframework; path = OpenpayKit.xcframework; sourceTree = "<group>"; };
		0448A79F26A0E6CE00B83524 /* SABTabBarHomeVC.xib */ = {isa = PBXFileReference; lastKnownFileType = file.xib; path = SABTabBarHomeVC.xib; sourceTree = "<group>"; };
		0448A7A026A0E6CE00B83524 /* SABTabBarHomePresenter.swift */ = {isa = PBXFileReference; lastKnownFileType = sourcecode.swift; path = SABTabBarHomePresenter.swift; sourceTree = "<group>"; };
		0448A7A126A0E6CE00B83524 /* SABTabBarHomeRouter.swift */ = {isa = PBXFileReference; lastKnownFileType = sourcecode.swift; path = SABTabBarHomeRouter.swift; sourceTree = "<group>"; };
		0448A7A226A0E6CE00B83524 /* SABTabBarHomeInteractor.swift */ = {isa = PBXFileReference; lastKnownFileType = sourcecode.swift; path = SABTabBarHomeInteractor.swift; sourceTree = "<group>"; };
		0448A7A326A0E6CE00B83524 /* SABTabBarHomeProtocol.swift */ = {isa = PBXFileReference; lastKnownFileType = sourcecode.swift; path = SABTabBarHomeProtocol.swift; sourceTree = "<group>"; };
		0448A7A426A0E6CE00B83524 /* SABTabBarHomeVC.swift */ = {isa = PBXFileReference; lastKnownFileType = sourcecode.swift; path = SABTabBarHomeVC.swift; sourceTree = "<group>"; };
		047937332694C4B900979654 /* SABLoginRemoteDataManagerInputProtocol.swift */ = {isa = PBXFileReference; fileEncoding = 4; lastKnownFileType = sourcecode.swift; path = SABLoginRemoteDataManagerInputProtocol.swift; sourceTree = "<group>"; };
		049784B226E12AC700BCD188 /* SABOnBoardingViewController.swift */ = {isa = PBXFileReference; lastKnownFileType = sourcecode.swift; path = SABOnBoardingViewController.swift; sourceTree = "<group>"; };
		049784B326E12AC700BCD188 /* SABOnBoardingViewController.xib */ = {isa = PBXFileReference; lastKnownFileType = file.xib; path = SABOnBoardingViewController.xib; sourceTree = "<group>"; };
		0497851326E2CDAA00BCD188 /* SABOnBoardingPackagesCollectionViewCell.swift */ = {isa = PBXFileReference; lastKnownFileType = sourcecode.swift; path = SABOnBoardingPackagesCollectionViewCell.swift; sourceTree = "<group>"; };
		0497851426E2CDAA00BCD188 /* SABOnBoardingPackagesCollectionViewCell.xib */ = {isa = PBXFileReference; lastKnownFileType = file.xib; path = SABOnBoardingPackagesCollectionViewCell.xib; sourceTree = "<group>"; };
		0497851726E2CDC400BCD188 /* SABOnBoardingAdministrationCollectionViewCell.swift */ = {isa = PBXFileReference; lastKnownFileType = sourcecode.swift; path = SABOnBoardingAdministrationCollectionViewCell.swift; sourceTree = "<group>"; };
		0497851826E2CDC400BCD188 /* SABOnBoardingAdministrationCollectionViewCell.xib */ = {isa = PBXFileReference; lastKnownFileType = file.xib; path = SABOnBoardingAdministrationCollectionViewCell.xib; sourceTree = "<group>"; };
		0497851B26E2CDDD00BCD188 /* SABOnBoardingCoOwnerCollectionViewCell.swift */ = {isa = PBXFileReference; lastKnownFileType = sourcecode.swift; path = SABOnBoardingCoOwnerCollectionViewCell.swift; sourceTree = "<group>"; };
		0497851C26E2CDDD00BCD188 /* SABOnBoardingCoOwnerCollectionViewCell.xib */ = {isa = PBXFileReference; lastKnownFileType = file.xib; path = SABOnBoardingCoOwnerCollectionViewCell.xib; sourceTree = "<group>"; };
		04A991E8269E113D00F491A6 /* SABRealizaTuPagoRouter.swift */ = {isa = PBXFileReference; fileEncoding = 4; lastKnownFileType = sourcecode.swift; path = SABRealizaTuPagoRouter.swift; sourceTree = "<group>"; };
		04A991EA269E113D00F491A6 /* SABRealizaTuPagoVC.xib */ = {isa = PBXFileReference; fileEncoding = 4; lastKnownFileType = file.xib; path = SABRealizaTuPagoVC.xib; sourceTree = "<group>"; };
		04A991EB269E113D00F491A6 /* SABRealizaTuPagoVC.swift */ = {isa = PBXFileReference; fileEncoding = 4; lastKnownFileType = sourcecode.swift; path = SABRealizaTuPagoVC.swift; sourceTree = "<group>"; };
		04A991ED269E113D00F491A6 /* SABRealizaTuPagoProtocol.swift */ = {isa = PBXFileReference; fileEncoding = 4; lastKnownFileType = sourcecode.swift; path = SABRealizaTuPagoProtocol.swift; sourceTree = "<group>"; };
		04A991EF269E113D00F491A6 /* SABRealizaTuPagoInteractor.swift */ = {isa = PBXFileReference; fileEncoding = 4; lastKnownFileType = sourcecode.swift; path = SABRealizaTuPagoInteractor.swift; sourceTree = "<group>"; };
		04A991F1269E113D00F491A6 /* SABRealizaTuPagoPresenter.swift */ = {isa = PBXFileReference; fileEncoding = 4; lastKnownFileType = sourcecode.swift; path = SABRealizaTuPagoPresenter.swift; sourceTree = "<group>"; };
		04A991F3269E113D00F491A6 /* SABRealizaTuPagoRemoteDataManagerInputProtocol.swift */ = {isa = PBXFileReference; fileEncoding = 4; lastKnownFileType = sourcecode.swift; path = SABRealizaTuPagoRemoteDataManagerInputProtocol.swift; sourceTree = "<group>"; };
		04B9EAAD26CF0FDE00B553ED /* PrivacyAndTerms.swift */ = {isa = PBXFileReference; lastKnownFileType = sourcecode.swift; path = PrivacyAndTerms.swift; sourceTree = "<group>"; };
		04B9EAAF26CF0FE800B553ED /* PrivacyAndTerms.xib */ = {isa = PBXFileReference; lastKnownFileType = file.xib; path = PrivacyAndTerms.xib; sourceTree = "<group>"; };
		04BD4767268D0E860058B77A /* SABLoginVC.xib */ = {isa = PBXFileReference; lastKnownFileType = file.xib; path = SABLoginVC.xib; sourceTree = "<group>"; };
		04BD4768268D0E860058B77A /* SABLoginPresenter.swift */ = {isa = PBXFileReference; lastKnownFileType = sourcecode.swift; path = SABLoginPresenter.swift; sourceTree = "<group>"; };
		04BD4769268D0E860058B77A /* SABLoginRouter.swift */ = {isa = PBXFileReference; lastKnownFileType = sourcecode.swift; path = SABLoginRouter.swift; sourceTree = "<group>"; };
		04BD476A268D0E860058B77A /* SABLoginInteractor.swift */ = {isa = PBXFileReference; lastKnownFileType = sourcecode.swift; path = SABLoginInteractor.swift; sourceTree = "<group>"; };
		04BD476B268D0E860058B77A /* SABLoginProtocol.swift */ = {isa = PBXFileReference; lastKnownFileType = sourcecode.swift; path = SABLoginProtocol.swift; sourceTree = "<group>"; };
		04BD476C268D0E860058B77A /* SABLoginVC.swift */ = {isa = PBXFileReference; lastKnownFileType = sourcecode.swift; path = SABLoginVC.swift; sourceTree = "<group>"; };
		4963031E43E093E5431B14C6 /* Pods_ShipAndBox.framework */ = {isa = PBXFileReference; explicitFileType = wrapper.framework; includeInIndex = 0; path = Pods_ShipAndBox.framework; sourceTree = BUILT_PRODUCTS_DIR; };
		9A99A200C05E9681CD057E0F /* Pods-ShipAndBox.release.xcconfig */ = {isa = PBXFileReference; includeInIndex = 1; lastKnownFileType = text.xcconfig; name = "Pods-ShipAndBox.release.xcconfig"; path = "Target Support Files/Pods-ShipAndBox/Pods-ShipAndBox.release.xcconfig"; sourceTree = "<group>"; };
		C3073B5E52CFF9FF879248F7 /* Pods-ShipAndBox.debug.xcconfig */ = {isa = PBXFileReference; includeInIndex = 1; lastKnownFileType = text.xcconfig; name = "Pods-ShipAndBox.debug.xcconfig"; path = "Target Support Files/Pods-ShipAndBox/Pods-ShipAndBox.debug.xcconfig"; sourceTree = "<group>"; };
		E302687826A89C2600E59CDE /* SABProfileVC.xib */ = {isa = PBXFileReference; lastKnownFileType = file.xib; path = SABProfileVC.xib; sourceTree = "<group>"; };
		E302687926A89C2600E59CDE /* SABProfilePresenter.swift */ = {isa = PBXFileReference; lastKnownFileType = sourcecode.swift; path = SABProfilePresenter.swift; sourceTree = "<group>"; };
		E302687A26A89C2600E59CDE /* SABProfileRouter.swift */ = {isa = PBXFileReference; lastKnownFileType = sourcecode.swift; path = SABProfileRouter.swift; sourceTree = "<group>"; };
		E302687B26A89C2600E59CDE /* SABProfileInteractor.swift */ = {isa = PBXFileReference; lastKnownFileType = sourcecode.swift; path = SABProfileInteractor.swift; sourceTree = "<group>"; };
		E302687C26A89C2600E59CDE /* SABProfileProtocol.swift */ = {isa = PBXFileReference; lastKnownFileType = sourcecode.swift; path = SABProfileProtocol.swift; sourceTree = "<group>"; };
		E302687D26A89C2600E59CDE /* SABProfileVC.swift */ = {isa = PBXFileReference; lastKnownFileType = sourcecode.swift; path = SABProfileVC.swift; sourceTree = "<group>"; };
		E302688C26AA263E00E59CDE /* SABProfileRemoteData.swift */ = {isa = PBXFileReference; lastKnownFileType = sourcecode.swift; path = SABProfileRemoteData.swift; sourceTree = "<group>"; };
		E357185626A72E0F007E5DE9 /* RequestIformationRemoteData.swift */ = {isa = PBXFileReference; fileEncoding = 4; lastKnownFileType = sourcecode.swift; path = RequestIformationRemoteData.swift; sourceTree = "<group>"; };
		E382333226AF2A89008CA3B9 /* SABProfileEntity.swift */ = {isa = PBXFileReference; lastKnownFileType = sourcecode.swift; path = SABProfileEntity.swift; sourceTree = "<group>"; };
		E382333426B1B376008CA3B9 /* SABEditProfileVC.xib */ = {isa = PBXFileReference; lastKnownFileType = file.xib; path = SABEditProfileVC.xib; sourceTree = "<group>"; };
		E382333526B1B376008CA3B9 /* SABEditProfilePresenter.swift */ = {isa = PBXFileReference; lastKnownFileType = sourcecode.swift; path = SABEditProfilePresenter.swift; sourceTree = "<group>"; };
		E382333626B1B376008CA3B9 /* SABEditProfileRouter.swift */ = {isa = PBXFileReference; lastKnownFileType = sourcecode.swift; path = SABEditProfileRouter.swift; sourceTree = "<group>"; };
		E382333726B1B376008CA3B9 /* SABEditProfileInteractor.swift */ = {isa = PBXFileReference; lastKnownFileType = sourcecode.swift; path = SABEditProfileInteractor.swift; sourceTree = "<group>"; };
		E382333826B1B376008CA3B9 /* SABEditProfileProtocol.swift */ = {isa = PBXFileReference; lastKnownFileType = sourcecode.swift; path = SABEditProfileProtocol.swift; sourceTree = "<group>"; };
		E382333926B1B376008CA3B9 /* SABEditProfileVC.swift */ = {isa = PBXFileReference; lastKnownFileType = sourcecode.swift; path = SABEditProfileVC.swift; sourceTree = "<group>"; };
		E38341AE26A0A91B00D80F55 /* validationsRegisterNewUser.swift */ = {isa = PBXFileReference; lastKnownFileType = sourcecode.swift; path = validationsRegisterNewUser.swift; sourceTree = "<group>"; };
		E3C55E47269D0C6B00E312A5 /* SABUserRegisterStepThreeRemoteDataManager.swift */ = {isa = PBXFileReference; fileEncoding = 4; lastKnownFileType = sourcecode.swift; path = SABUserRegisterStepThreeRemoteDataManager.swift; sourceTree = "<group>"; };
		E3C55E49269D0C6B00E312A5 /* SABUserRegisterStepThreePresenter.swift */ = {isa = PBXFileReference; fileEncoding = 4; lastKnownFileType = sourcecode.swift; path = SABUserRegisterStepThreePresenter.swift; sourceTree = "<group>"; };
		E3C55E4B269D0C6B00E312A5 /* SABUserRegisterStepThreeProtocol.swift */ = {isa = PBXFileReference; fileEncoding = 4; lastKnownFileType = sourcecode.swift; path = SABUserRegisterStepThreeProtocol.swift; sourceTree = "<group>"; };
		E3C55E4F269D0C6B00E312A5 /* SABUserRegisterStepThreeVC.xib */ = {isa = PBXFileReference; fileEncoding = 4; lastKnownFileType = file.xib; path = SABUserRegisterStepThreeVC.xib; sourceTree = "<group>"; };
		E3C55E50269D0C6B00E312A5 /* SABUserRegisterStepThreeVC.swift */ = {isa = PBXFileReference; fileEncoding = 4; lastKnownFileType = sourcecode.swift; path = SABUserRegisterStepThreeVC.swift; sourceTree = "<group>"; };
		E3C55E52269D0C6B00E312A5 /* SABUserRegisterStepThreeInteractor.swift */ = {isa = PBXFileReference; fileEncoding = 4; lastKnownFileType = sourcecode.swift; path = SABUserRegisterStepThreeInteractor.swift; sourceTree = "<group>"; };
		E3C55E54269D0C6B00E312A5 /* SABUserRegisterStepThreeRouter.swift */ = {isa = PBXFileReference; fileEncoding = 4; lastKnownFileType = sourcecode.swift; path = SABUserRegisterStepThreeRouter.swift; sourceTree = "<group>"; };
		F233E158268CFF6A00D44AFD /* ShipAndBox.app */ = {isa = PBXFileReference; explicitFileType = wrapper.application; includeInIndex = 0; path = ShipAndBox.app; sourceTree = BUILT_PRODUCTS_DIR; };
		F233E15B268CFF6A00D44AFD /* AppDelegate.swift */ = {isa = PBXFileReference; lastKnownFileType = sourcecode.swift; path = AppDelegate.swift; sourceTree = "<group>"; };
		F233E15D268CFF6A00D44AFD /* SceneDelegate.swift */ = {isa = PBXFileReference; lastKnownFileType = sourcecode.swift; path = SceneDelegate.swift; sourceTree = "<group>"; };
		F233E164268CFF6B00D44AFD /* Assets.xcassets */ = {isa = PBXFileReference; lastKnownFileType = folder.assetcatalog; path = Assets.xcassets; sourceTree = "<group>"; };
		F233E167268CFF6B00D44AFD /* Base */ = {isa = PBXFileReference; lastKnownFileType = file.storyboard; name = Base; path = Base.lproj/LaunchScreen.storyboard; sourceTree = "<group>"; };
		F233E169268CFF6B00D44AFD /* Info.plist */ = {isa = PBXFileReference; lastKnownFileType = text.plist.xml; path = Info.plist; sourceTree = "<group>"; };
		F24274CF269D247F0070A4F8 /* SABChangePasswordPresenter.swift */ = {isa = PBXFileReference; fileEncoding = 4; lastKnownFileType = sourcecode.swift; path = SABChangePasswordPresenter.swift; sourceTree = "<group>"; };
		F24274D1269D247F0070A4F8 /* SABChangePasswordProtocol.swift */ = {isa = PBXFileReference; fileEncoding = 4; lastKnownFileType = sourcecode.swift; path = SABChangePasswordProtocol.swift; sourceTree = "<group>"; };
		F24274D3269D247F0070A4F8 /* SABChangePasswordVC.xib */ = {isa = PBXFileReference; fileEncoding = 4; lastKnownFileType = file.xib; path = SABChangePasswordVC.xib; sourceTree = "<group>"; };
		F24274D4269D247F0070A4F8 /* SABChangePasswordVC.swift */ = {isa = PBXFileReference; fileEncoding = 4; lastKnownFileType = sourcecode.swift; path = SABChangePasswordVC.swift; sourceTree = "<group>"; };
		F24274D6269D247F0070A4F8 /* SABChangePasswordInteractor.swift */ = {isa = PBXFileReference; fileEncoding = 4; lastKnownFileType = sourcecode.swift; path = SABChangePasswordInteractor.swift; sourceTree = "<group>"; };
		F24274D8269D247F0070A4F8 /* SABChangePasswordRouter.swift */ = {isa = PBXFileReference; fileEncoding = 4; lastKnownFileType = sourcecode.swift; path = SABChangePasswordRouter.swift; sourceTree = "<group>"; };
		F24274E2269DFD380070A4F8 /* Enums.swift */ = {isa = PBXFileReference; lastKnownFileType = sourcecode.swift; path = Enums.swift; sourceTree = "<group>"; };
		F2995ACC269CFA68000F5FB8 /* ActivityIndicator.swift */ = {isa = PBXFileReference; fileEncoding = 4; lastKnownFileType = sourcecode.swift; path = ActivityIndicator.swift; sourceTree = "<group>"; };
		F2995ACD269CFA68000F5FB8 /* UtilitiesSAB.swift */ = {isa = PBXFileReference; fileEncoding = 4; lastKnownFileType = sourcecode.swift; path = UtilitiesSAB.swift; sourceTree = "<group>"; };
		F2995ACE269CFA68000F5FB8 /* YPDrawSignatureView.swift */ = {isa = PBXFileReference; fileEncoding = 4; lastKnownFileType = sourcecode.swift; path = YPDrawSignatureView.swift; sourceTree = "<group>"; };
		F2995AD6269CFC4E000F5FB8 /* ExternalDataManager.swift */ = {isa = PBXFileReference; fileEncoding = 4; lastKnownFileType = sourcecode.swift; path = ExternalDataManager.swift; sourceTree = "<group>"; };
		F2995AD8269CFC4E000F5FB8 /* SABRegisterPresenter.swift */ = {isa = PBXFileReference; fileEncoding = 4; lastKnownFileType = sourcecode.swift; path = SABRegisterPresenter.swift; sourceTree = "<group>"; };
		F2995ADA269CFC4E000F5FB8 /* SABRegisterProtocol.swift */ = {isa = PBXFileReference; fileEncoding = 4; lastKnownFileType = sourcecode.swift; path = SABRegisterProtocol.swift; sourceTree = "<group>"; };
		F2995ADC269CFC4E000F5FB8 /* SABRegisterVC.swift */ = {isa = PBXFileReference; fileEncoding = 4; lastKnownFileType = sourcecode.swift; path = SABRegisterVC.swift; sourceTree = "<group>"; };
		F2995ADD269CFC4E000F5FB8 /* SABRegisterVC.xib */ = {isa = PBXFileReference; fileEncoding = 4; lastKnownFileType = file.xib; path = SABRegisterVC.xib; sourceTree = "<group>"; };
		F2995ADF269CFC4E000F5FB8 /* SABRegisterInteractor.swift */ = {isa = PBXFileReference; fileEncoding = 4; lastKnownFileType = sourcecode.swift; path = SABRegisterInteractor.swift; sourceTree = "<group>"; };
		F2995AE1269CFC4E000F5FB8 /* SABRegisterRouter.swift */ = {isa = PBXFileReference; fileEncoding = 4; lastKnownFileType = sourcecode.swift; path = SABRegisterRouter.swift; sourceTree = "<group>"; };
		F2995AE4269CFC4E000F5FB8 /* SABRequestInformationEntity.swift */ = {isa = PBXFileReference; fileEncoding = 4; lastKnownFileType = sourcecode.swift; path = SABRequestInformationEntity.swift; sourceTree = "<group>"; };
		F2995AE6269CFC4E000F5FB8 /* RequestInformationPresenter.swift */ = {isa = PBXFileReference; fileEncoding = 4; lastKnownFileType = sourcecode.swift; path = RequestInformationPresenter.swift; sourceTree = "<group>"; };
		F2995AE8269CFC4E000F5FB8 /* RequestInformationProtocol.swift */ = {isa = PBXFileReference; fileEncoding = 4; lastKnownFileType = sourcecode.swift; path = RequestInformationProtocol.swift; sourceTree = "<group>"; };
		F2995AEA269CFC4E000F5FB8 /* RequestInformationVC.xib */ = {isa = PBXFileReference; fileEncoding = 4; lastKnownFileType = file.xib; path = RequestInformationVC.xib; sourceTree = "<group>"; };
		F2995AEB269CFC4E000F5FB8 /* RequestInformationVC.swift */ = {isa = PBXFileReference; fileEncoding = 4; lastKnownFileType = sourcecode.swift; path = RequestInformationVC.swift; sourceTree = "<group>"; };
		F2995AED269CFC4E000F5FB8 /* RequestInformationInteractor.swift */ = {isa = PBXFileReference; fileEncoding = 4; lastKnownFileType = sourcecode.swift; path = RequestInformationInteractor.swift; sourceTree = "<group>"; };
		F2995AEF269CFC4E000F5FB8 /* RequestInformationRouter.swift */ = {isa = PBXFileReference; fileEncoding = 4; lastKnownFileType = sourcecode.swift; path = RequestInformationRouter.swift; sourceTree = "<group>"; };
/* End PBXFileReference section */

/* Begin PBXFrameworksBuildPhase section */
		F233E155268CFF6A00D44AFD /* Frameworks */ = {
			isa = PBXFrameworksBuildPhase;
			buildActionMask = 2147483647;
			files = (
				02F30CA9AA80841FA6AF6475 /* Pods_ShipAndBox.framework in Frameworks */,
				043775E2269E21D500BCA086 /* OpenpayKit.xcframework in Frameworks */,
			);
			runOnlyForDeploymentPostprocessing = 0;
		};
/* End PBXFrameworksBuildPhase section */

/* Begin PBXGroup section */
		0410D4C826B898B4009E5259 /* SABCoOwner */ = {
			isa = PBXGroup;
			children = (
				0410D4C926B898B4009E5259 /* Presenter */,
				0410D4CB26B898B4009E5259 /* Protocol */,
				0410D4CD26B898B4009E5259 /* View */,
				0410D4D726B898B4009E5259 /* Interactor */,
				0410D4D926B898B4009E5259 /* Router */,
			);
			path = SABCoOwner;
			sourceTree = "<group>";
		};
		0410D4C926B898B4009E5259 /* Presenter */ = {
			isa = PBXGroup;
			children = (
				0410D4CA26B898B4009E5259 /* SABCoOwnerPresenter.swift */,
			);
			path = Presenter;
			sourceTree = "<group>";
		};
		0410D4CB26B898B4009E5259 /* Protocol */ = {
			isa = PBXGroup;
			children = (
				0410D4CC26B898B4009E5259 /* SABCoOwnerProtocol.swift */,
			);
			path = Protocol;
			sourceTree = "<group>";
		};
		0410D4CD26B898B4009E5259 /* View */ = {
			isa = PBXGroup;
			children = (
				0410D4CE26B898B4009E5259 /* CollectionViewCell */,
				0410D4D526B898B4009E5259 /* SABCoOwnerVC.xib */,
				0410D4D626B898B4009E5259 /* SABCoOwnerVC.swift */,
			);
			path = View;
			sourceTree = "<group>";
		};
		0410D4CE26B898B4009E5259 /* CollectionViewCell */ = {
			isa = PBXGroup;
			children = (
				0410D4CF26B898B4009E5259 /* PlaceHolderCollectionViewCell */,
				0410D4D226B898B4009E5259 /* CoOwnerCollectionViewCell */,
			);
			path = CollectionViewCell;
			sourceTree = "<group>";
		};
		0410D4CF26B898B4009E5259 /* PlaceHolderCollectionViewCell */ = {
			isa = PBXGroup;
			children = (
				0410D4D026B898B4009E5259 /* PlaceHolderCollectionViewCell.xib */,
				0410D4D126B898B4009E5259 /* PlaceHolderCollectionViewCell.swift */,
			);
			path = PlaceHolderCollectionViewCell;
			sourceTree = "<group>";
		};
		0410D4D226B898B4009E5259 /* CoOwnerCollectionViewCell */ = {
			isa = PBXGroup;
			children = (
				0410D4D326B898B4009E5259 /* CoOwnerCollectionViewCell.xib */,
				0410D4D426B898B4009E5259 /* CoOwnerCollectionViewCell.swift */,
			);
			path = CoOwnerCollectionViewCell;
			sourceTree = "<group>";
		};
		0410D4D726B898B4009E5259 /* Interactor */ = {
			isa = PBXGroup;
			children = (
				0410D4D826B898B4009E5259 /* SABCoOwnerInteractor.swift */,
			);
			path = Interactor;
			sourceTree = "<group>";
		};
		0410D4D926B898B4009E5259 /* Router */ = {
			isa = PBXGroup;
			children = (
				0410D4DA26B898B4009E5259 /* SABCoOwnerRouter.swift */,
			);
			path = Router;
			sourceTree = "<group>";
		};
		0410D4E526B898BA009E5259 /* SABNewCoOwner */ = {
			isa = PBXGroup;
			children = (
				0410D4E626B898BA009E5259 /* Entity */,
				0410D4E826B898BA009E5259 /* Presenter */,
				0410D4EA26B898BA009E5259 /* Protocol */,
				0410D4EC26B898BA009E5259 /* View */,
				0410D4EF26B898BA009E5259 /* Interactor */,
				0410D4F126B898BA009E5259 /* Router */,
			);
			path = SABNewCoOwner;
			sourceTree = "<group>";
		};
		0410D4E626B898BA009E5259 /* Entity */ = {
			isa = PBXGroup;
			children = (
				0410D4E726B898BA009E5259 /* SABPersonModel.swift */,
			);
			path = Entity;
			sourceTree = "<group>";
		};
		0410D4E826B898BA009E5259 /* Presenter */ = {
			isa = PBXGroup;
			children = (
				0410D4E926B898BA009E5259 /* SABNewCoOwnerPresenter.swift */,
			);
			path = Presenter;
			sourceTree = "<group>";
		};
		0410D4EA26B898BA009E5259 /* Protocol */ = {
			isa = PBXGroup;
			children = (
				0410D4EB26B898BA009E5259 /* SABNewCoOwnerProtocol.swift */,
			);
			path = Protocol;
			sourceTree = "<group>";
		};
		0410D4EC26B898BA009E5259 /* View */ = {
			isa = PBXGroup;
			children = (
				0410D4ED26B898BA009E5259 /* SABNewCoOwnerVC.swift */,
				0410D4EE26B898BA009E5259 /* SABNewCoOwnerVC.xib */,
			);
			path = View;
			sourceTree = "<group>";
		};
		0410D4EF26B898BA009E5259 /* Interactor */ = {
			isa = PBXGroup;
			children = (
				0410D4F026B898BA009E5259 /* SABNewCoOwnerInteractor.swift */,
			);
			path = Interactor;
			sourceTree = "<group>";
		};
		0410D4F126B898BA009E5259 /* Router */ = {
			isa = PBXGroup;
			children = (
				0410D4F226B898BA009E5259 /* SABNewCoOwnerRouter.swift */,
			);
			path = Router;
			sourceTree = "<group>";
		};
		0448A79E26A0E67C00B83524 /* SABTabbarhome */ = {
			isa = PBXGroup;
			children = (
				0448A7AF26A0E71900B83524 /* Interactor */,
				0448A7AE26A0E70E00B83524 /* Presenter */,
				0448A7AD26A0E70200B83524 /* Protocol */,
				0448A7AC26A0E6F700B83524 /* Router */,
				0448A7AB26A0E6EB00B83524 /* View */,
			);
			path = SABTabbarhome;
			sourceTree = "<group>";
		};
		0448A7AB26A0E6EB00B83524 /* View */ = {
			isa = PBXGroup;
			children = (
				0448A7A426A0E6CE00B83524 /* SABTabBarHomeVC.swift */,
				0448A79F26A0E6CE00B83524 /* SABTabBarHomeVC.xib */,
			);
			path = View;
			sourceTree = "<group>";
		};
		0448A7AC26A0E6F700B83524 /* Router */ = {
			isa = PBXGroup;
			children = (
				0448A7A126A0E6CE00B83524 /* SABTabBarHomeRouter.swift */,
			);
			path = Router;
			sourceTree = "<group>";
		};
		0448A7AD26A0E70200B83524 /* Protocol */ = {
			isa = PBXGroup;
			children = (
				0448A7A326A0E6CE00B83524 /* SABTabBarHomeProtocol.swift */,
			);
			path = Protocol;
			sourceTree = "<group>";
		};
		0448A7AE26A0E70E00B83524 /* Presenter */ = {
			isa = PBXGroup;
			children = (
				0448A7A026A0E6CE00B83524 /* SABTabBarHomePresenter.swift */,
			);
			path = Presenter;
			sourceTree = "<group>";
		};
		0448A7AF26A0E71900B83524 /* Interactor */ = {
			isa = PBXGroup;
			children = (
				0448A7A226A0E6CE00B83524 /* SABTabBarHomeInteractor.swift */,
			);
			path = Interactor;
			sourceTree = "<group>";
		};
		047937312694C41000979654 /* RemoteData */ = {
			isa = PBXGroup;
			children = (
				047937332694C4B900979654 /* SABLoginRemoteDataManagerInputProtocol.swift */,
			);
			path = RemoteData;
			sourceTree = "<group>";
		};
		049784A826DFFCF900BCD188 /* SABOnBoarding */ = {
			isa = PBXGroup;
			children = (
				0497850626E2922E00BCD188 /* collectionViewCell */,
				049784B126E12A7C00BCD188 /* View */,
			);
			path = SABOnBoarding;
			sourceTree = "<group>";
		};
		049784B126E12A7C00BCD188 /* View */ = {
			isa = PBXGroup;
			children = (
				049784B226E12AC700BCD188 /* SABOnBoardingViewController.swift */,
				049784B326E12AC700BCD188 /* SABOnBoardingViewController.xib */,
			);
			path = View;
			sourceTree = "<group>";
		};
		0497850626E2922E00BCD188 /* collectionViewCell */ = {
			isa = PBXGroup;
			children = (
				0497851326E2CDAA00BCD188 /* SABOnBoardingPackagesCollectionViewCell.swift */,
				0497851426E2CDAA00BCD188 /* SABOnBoardingPackagesCollectionViewCell.xib */,
				0497851726E2CDC400BCD188 /* SABOnBoardingAdministrationCollectionViewCell.swift */,
				0497851826E2CDC400BCD188 /* SABOnBoardingAdministrationCollectionViewCell.xib */,
				0497851B26E2CDDD00BCD188 /* SABOnBoardingCoOwnerCollectionViewCell.swift */,
				0497851C26E2CDDD00BCD188 /* SABOnBoardingCoOwnerCollectionViewCell.xib */,
			);
			path = collectionViewCell;
			sourceTree = "<group>";
		};
		04A991E6269E10CA00F491A6 /* MakePayment */ = {
			isa = PBXGroup;
			children = (
				04A991EE269E113D00F491A6 /* Interactor */,
				04A991F0269E113D00F491A6 /* Presenter */,
				04A991EC269E113D00F491A6 /* Protocol */,
				04A991F2269E113D00F491A6 /* RemoteData */,
				04A991E7269E113D00F491A6 /* Router */,
				04A991E9269E113D00F491A6 /* View */,
			);
			path = MakePayment;
			sourceTree = "<group>";
		};
		04A991E7269E113D00F491A6 /* Router */ = {
			isa = PBXGroup;
			children = (
				04A991E8269E113D00F491A6 /* SABRealizaTuPagoRouter.swift */,
			);
			path = Router;
			sourceTree = "<group>";
		};
		04A991E9269E113D00F491A6 /* View */ = {
			isa = PBXGroup;
			children = (
				04A991EA269E113D00F491A6 /* SABRealizaTuPagoVC.xib */,
				04A991EB269E113D00F491A6 /* SABRealizaTuPagoVC.swift */,
			);
			path = View;
			sourceTree = "<group>";
		};
		04A991EC269E113D00F491A6 /* Protocol */ = {
			isa = PBXGroup;
			children = (
				04A991ED269E113D00F491A6 /* SABRealizaTuPagoProtocol.swift */,
			);
			path = Protocol;
			sourceTree = "<group>";
		};
		04A991EE269E113D00F491A6 /* Interactor */ = {
			isa = PBXGroup;
			children = (
				04A991EF269E113D00F491A6 /* SABRealizaTuPagoInteractor.swift */,
			);
			path = Interactor;
			sourceTree = "<group>";
		};
		04A991F0269E113D00F491A6 /* Presenter */ = {
			isa = PBXGroup;
			children = (
				04A991F1269E113D00F491A6 /* SABRealizaTuPagoPresenter.swift */,
			);
			path = Presenter;
			sourceTree = "<group>";
		};
		04A991F2269E113D00F491A6 /* RemoteData */ = {
			isa = PBXGroup;
			children = (
				04A991F3269E113D00F491A6 /* SABRealizaTuPagoRemoteDataManagerInputProtocol.swift */,
			);
			path = RemoteData;
			sourceTree = "<group>";
		};
		04B9EA9826CEA12900B553ED /* View */ = {
			isa = PBXGroup;
			children = (
				04B9EAAD26CF0FDE00B553ED /* PrivacyAndTerms.swift */,
				04B9EAAF26CF0FE800B553ED /* PrivacyAndTerms.xib */,
			);
			path = View;
			sourceTree = "<group>";
		};
		04BD4761268D0DF10058B77A /* SABLogin */ = {
			isa = PBXGroup;
			children = (
				047937312694C41000979654 /* RemoteData */,
				04BD4774268D0EA10058B77A /* Presenter */,
				04BD4765268D0E430058B77A /* Router */,
				04BD4764268D0E3D0058B77A /* Protocol */,
				04BD4763268D0E340058B77A /* Interactor */,
				04BD4762268D0E2A0058B77A /* View */,
			);
			path = SABLogin;
			sourceTree = "<group>";
		};
		04BD4762268D0E2A0058B77A /* View */ = {
			isa = PBXGroup;
			children = (
				04BD476C268D0E860058B77A /* SABLoginVC.swift */,
				04BD4767268D0E860058B77A /* SABLoginVC.xib */,
			);
			path = View;
			sourceTree = "<group>";
		};
		04BD4763268D0E340058B77A /* Interactor */ = {
			isa = PBXGroup;
			children = (
				04BD476A268D0E860058B77A /* SABLoginInteractor.swift */,
			);
			path = Interactor;
			sourceTree = "<group>";
		};
		04BD4764268D0E3D0058B77A /* Protocol */ = {
			isa = PBXGroup;
			children = (
				04BD476B268D0E860058B77A /* SABLoginProtocol.swift */,
			);
			path = Protocol;
			sourceTree = "<group>";
		};
		04BD4765268D0E430058B77A /* Router */ = {
			isa = PBXGroup;
			children = (
				04BD4769268D0E860058B77A /* SABLoginRouter.swift */,
			);
			path = Router;
			sourceTree = "<group>";
		};
		04BD4774268D0EA10058B77A /* Presenter */ = {
			isa = PBXGroup;
			children = (
				04BD4768268D0E860058B77A /* SABLoginPresenter.swift */,
			);
			path = Presenter;
			sourceTree = "<group>";
		};
		551D6365ED2054368CD4247A /* Frameworks */ = {
			isa = PBXGroup;
			children = (
				043775DC269E21B500BCA086 /* OpenpayKit.xcframework */,
				4963031E43E093E5431B14C6 /* Pods_ShipAndBox.framework */,
			);
			name = Frameworks;
			sourceTree = "<group>";
		};
		83E36A104869A00E8EA99861 /* Pods */ = {
			isa = PBXGroup;
			children = (
				C3073B5E52CFF9FF879248F7 /* Pods-ShipAndBox.debug.xcconfig */,
				9A99A200C05E9681CD057E0F /* Pods-ShipAndBox.release.xcconfig */,
			);
			path = Pods;
			sourceTree = "<group>";
		};
		E302688426A89C3A00E59CDE /* SABProfile */ = {
			isa = PBXGroup;
			children = (
				E302688526A89C5100E59CDE /* Profile */,
				E382334026B1B3D4008CA3B9 /* EditProfile */,
			);
			path = SABProfile;
			sourceTree = "<group>";
		};
		E302688526A89C5100E59CDE /* Profile */ = {
			isa = PBXGroup;
			children = (
				E382333126AF2A1C008CA3B9 /* Entity */,
				E302688B26AA25B100E59CDE /* RemoteData */,
				E302688A26A8D0EE00E59CDE /* Protocol */,
				E302688926A8D0C000E59CDE /* Interactor */,
				E302688826A8D0B600E59CDE /* Router */,
				E302688726A8D0AD00E59CDE /* Presenter */,
				E302688626A8D0A300E59CDE /* View */,
			);
			path = Profile;
			sourceTree = "<group>";
		};
		E302688626A8D0A300E59CDE /* View */ = {
			isa = PBXGroup;
			children = (
				E302687826A89C2600E59CDE /* SABProfileVC.xib */,
				E302687D26A89C2600E59CDE /* SABProfileVC.swift */,
			);
			path = View;
			sourceTree = "<group>";
		};
		E302688726A8D0AD00E59CDE /* Presenter */ = {
			isa = PBXGroup;
			children = (
				E302687926A89C2600E59CDE /* SABProfilePresenter.swift */,
			);
			path = Presenter;
			sourceTree = "<group>";
		};
		E302688826A8D0B600E59CDE /* Router */ = {
			isa = PBXGroup;
			children = (
				E302687A26A89C2600E59CDE /* SABProfileRouter.swift */,
			);
			path = Router;
			sourceTree = "<group>";
		};
		E302688926A8D0C000E59CDE /* Interactor */ = {
			isa = PBXGroup;
			children = (
				E302687B26A89C2600E59CDE /* SABProfileInteractor.swift */,
			);
			path = Interactor;
			sourceTree = "<group>";
		};
		E302688A26A8D0EE00E59CDE /* Protocol */ = {
			isa = PBXGroup;
			children = (
				E302687C26A89C2600E59CDE /* SABProfileProtocol.swift */,
			);
			path = Protocol;
			sourceTree = "<group>";
		};
		E302688B26AA25B100E59CDE /* RemoteData */ = {
			isa = PBXGroup;
			children = (
				E302688C26AA263E00E59CDE /* SABProfileRemoteData.swift */,
			);
			path = RemoteData;
			sourceTree = "<group>";
		};
		E357185526A72E0F007E5DE9 /* RemoteData */ = {
			isa = PBXGroup;
			children = (
				E357185626A72E0F007E5DE9 /* RequestIformationRemoteData.swift */,
			);
			path = RemoteData;
			sourceTree = "<group>";
		};
		E382333126AF2A1C008CA3B9 /* Entity */ = {
			isa = PBXGroup;
			children = (
				E382333226AF2A89008CA3B9 /* SABProfileEntity.swift */,
			);
			path = Entity;
			sourceTree = "<group>";
		};
		E382334026B1B3D4008CA3B9 /* EditProfile */ = {
			isa = PBXGroup;
			children = (
				E382334526B1BC20008CA3B9 /* Protocol */,
				E382334426B1BBC4008CA3B9 /* Interactor */,
				E382334326B1BBB9008CA3B9 /* Presenter */,
				E382334226B1BBB1008CA3B9 /* Router */,
				E382334126B1BB9E008CA3B9 /* View */,
			);
			path = EditProfile;
			sourceTree = "<group>";
		};
		E382334126B1BB9E008CA3B9 /* View */ = {
			isa = PBXGroup;
			children = (
				E382333426B1B376008CA3B9 /* SABEditProfileVC.xib */,
				E382333926B1B376008CA3B9 /* SABEditProfileVC.swift */,
			);
			path = View;
			sourceTree = "<group>";
		};
		E382334226B1BBB1008CA3B9 /* Router */ = {
			isa = PBXGroup;
			children = (
				E382333626B1B376008CA3B9 /* SABEditProfileRouter.swift */,
			);
			path = Router;
			sourceTree = "<group>";
		};
		E382334326B1BBB9008CA3B9 /* Presenter */ = {
			isa = PBXGroup;
			children = (
				E382333526B1B376008CA3B9 /* SABEditProfilePresenter.swift */,
			);
			path = Presenter;
			sourceTree = "<group>";
		};
		E382334426B1BBC4008CA3B9 /* Interactor */ = {
			isa = PBXGroup;
			children = (
				E382333726B1B376008CA3B9 /* SABEditProfileInteractor.swift */,
			);
			path = Interactor;
			sourceTree = "<group>";
		};
		E382334526B1BC20008CA3B9 /* Protocol */ = {
			isa = PBXGroup;
			children = (
				E382333826B1B376008CA3B9 /* SABEditProfileProtocol.swift */,
			);
			path = Protocol;
			sourceTree = "<group>";
		};
		E3C55E45269D0C6B00E312A5 /* GenerateElectronicSignature */ = {
			isa = PBXGroup;
			children = (
				E3C55E46269D0C6B00E312A5 /* RemoteDataManager */,
				E3C55E48269D0C6B00E312A5 /* Presenter */,
				E3C55E4A269D0C6B00E312A5 /* Protocol */,
				E3C55E4E269D0C6B00E312A5 /* View */,
				E3C55E51269D0C6B00E312A5 /* Interactor */,
				E3C55E53269D0C6B00E312A5 /* Router */,
			);
			path = GenerateElectronicSignature;
			sourceTree = "<group>";
		};
		E3C55E46269D0C6B00E312A5 /* RemoteDataManager */ = {
			isa = PBXGroup;
			children = (
				E3C55E47269D0C6B00E312A5 /* SABUserRegisterStepThreeRemoteDataManager.swift */,
			);
			path = RemoteDataManager;
			sourceTree = "<group>";
		};
		E3C55E48269D0C6B00E312A5 /* Presenter */ = {
			isa = PBXGroup;
			children = (
				E3C55E49269D0C6B00E312A5 /* SABUserRegisterStepThreePresenter.swift */,
			);
			path = Presenter;
			sourceTree = "<group>";
		};
		E3C55E4A269D0C6B00E312A5 /* Protocol */ = {
			isa = PBXGroup;
			children = (
				E3C55E4B269D0C6B00E312A5 /* SABUserRegisterStepThreeProtocol.swift */,
			);
			path = Protocol;
			sourceTree = "<group>";
		};
		E3C55E4E269D0C6B00E312A5 /* View */ = {
			isa = PBXGroup;
			children = (
				E3C55E4F269D0C6B00E312A5 /* SABUserRegisterStepThreeVC.xib */,
				E3C55E50269D0C6B00E312A5 /* SABUserRegisterStepThreeVC.swift */,
			);
			path = View;
			sourceTree = "<group>";
		};
		E3C55E51269D0C6B00E312A5 /* Interactor */ = {
			isa = PBXGroup;
			children = (
				E3C55E52269D0C6B00E312A5 /* SABUserRegisterStepThreeInteractor.swift */,
			);
			path = Interactor;
			sourceTree = "<group>";
		};
		E3C55E53269D0C6B00E312A5 /* Router */ = {
			isa = PBXGroup;
			children = (
				E3C55E54269D0C6B00E312A5 /* SABUserRegisterStepThreeRouter.swift */,
			);
			path = Router;
			sourceTree = "<group>";
		};
		F233E14F268CFF6A00D44AFD = {
			isa = PBXGroup;
			children = (
				F233E15A268CFF6A00D44AFD /* ShipAndBox */,
				F233E159268CFF6A00D44AFD /* Products */,
				83E36A104869A00E8EA99861 /* Pods */,
				551D6365ED2054368CD4247A /* Frameworks */,
			);
			sourceTree = "<group>";
		};
		F233E159268CFF6A00D44AFD /* Products */ = {
			isa = PBXGroup;
			children = (
				F233E158268CFF6A00D44AFD /* ShipAndBox.app */,
			);
			name = Products;
			sourceTree = "<group>";
		};
		F233E15A268CFF6A00D44AFD /* ShipAndBox */ = {
			isa = PBXGroup;
			children = (
				049784A826DFFCF900BCD188 /* SABOnBoarding */,
				0410D4E526B898BA009E5259 /* SABNewCoOwner */,
				0410D4C826B898B4009E5259 /* SABCoOwner */,
				E302688426A89C3A00E59CDE /* SABProfile */,
				0448A79E26A0E67C00B83524 /* SABTabbarhome */,
				F2995ACB269CFA3A000F5FB8 /* Sources */,
				F2995AD3269CFC36000F5FB8 /* SABRegister */,
				04BD4761268D0DF10058B77A /* SABLogin */,
				F233E15D268CFF6A00D44AFD /* SceneDelegate.swift */,
				F233E15B268CFF6A00D44AFD /* AppDelegate.swift */,
				F233E164268CFF6B00D44AFD /* Assets.xcassets */,
				F233E166268CFF6B00D44AFD /* LaunchScreen.storyboard */,
				F233E169268CFF6B00D44AFD /* Info.plist */,
			);
			path = ShipAndBox;
			sourceTree = "<group>";
		};
		F24274CD269D247F0070A4F8 /* ChangePassword */ = {
			isa = PBXGroup;
			children = (
				F24274CE269D247F0070A4F8 /* Presenter */,
				F24274D0269D247F0070A4F8 /* Protocol */,
				F24274D2269D247F0070A4F8 /* View */,
				F24274D5269D247F0070A4F8 /* Interactor */,
				F24274D7269D247F0070A4F8 /* Router */,
			);
			path = ChangePassword;
			sourceTree = "<group>";
		};
		F24274CE269D247F0070A4F8 /* Presenter */ = {
			isa = PBXGroup;
			children = (
				F24274CF269D247F0070A4F8 /* SABChangePasswordPresenter.swift */,
			);
			path = Presenter;
			sourceTree = "<group>";
		};
		F24274D0269D247F0070A4F8 /* Protocol */ = {
			isa = PBXGroup;
			children = (
				F24274D1269D247F0070A4F8 /* SABChangePasswordProtocol.swift */,
			);
			path = Protocol;
			sourceTree = "<group>";
		};
		F24274D2269D247F0070A4F8 /* View */ = {
			isa = PBXGroup;
			children = (
				F24274D3269D247F0070A4F8 /* SABChangePasswordVC.xib */,
				F24274D4269D247F0070A4F8 /* SABChangePasswordVC.swift */,
			);
			path = View;
			sourceTree = "<group>";
		};
		F24274D5269D247F0070A4F8 /* Interactor */ = {
			isa = PBXGroup;
			children = (
				F24274D6269D247F0070A4F8 /* SABChangePasswordInteractor.swift */,
			);
			path = Interactor;
			sourceTree = "<group>";
		};
		F24274D7269D247F0070A4F8 /* Router */ = {
			isa = PBXGroup;
			children = (
				F24274D8269D247F0070A4F8 /* SABChangePasswordRouter.swift */,
			);
			path = Router;
			sourceTree = "<group>";
		};
		F2995ACB269CFA3A000F5FB8 /* Sources */ = {
			isa = PBXGroup;
			children = (
				04B9EA9826CEA12900B553ED /* View */,
				F2995ACC269CFA68000F5FB8 /* ActivityIndicator.swift */,
				F2995ACD269CFA68000F5FB8 /* UtilitiesSAB.swift */,
				F2995ACE269CFA68000F5FB8 /* YPDrawSignatureView.swift */,
				F24274E2269DFD380070A4F8 /* Enums.swift */,
				E38341AE26A0A91B00D80F55 /* validationsRegisterNewUser.swift */,
			);
			path = Sources;
			sourceTree = "<group>";
		};
		F2995AD3269CFC36000F5FB8 /* SABRegister */ = {
			isa = PBXGroup;
			children = (
				04A991E6269E10CA00F491A6 /* MakePayment */,
				F24274CD269D247F0070A4F8 /* ChangePassword */,
				E3C55E45269D0C6B00E312A5 /* GenerateElectronicSignature */,
				F2995AD4269CFC4E000F5FB8 /* RegisterNewUser */,
				F2995AE2269CFC4E000F5FB8 /* RequestInformation */,
			);
			path = SABRegister;
			sourceTree = "<group>";
		};
		F2995AD4269CFC4E000F5FB8 /* RegisterNewUser */ = {
			isa = PBXGroup;
			children = (
				F2995AD5269CFC4E000F5FB8 /* ExternalDataManager */,
				F2995AD7269CFC4E000F5FB8 /* Presenter */,
				F2995AD9269CFC4E000F5FB8 /* Protocol */,
				F2995ADB269CFC4E000F5FB8 /* View */,
				F2995ADE269CFC4E000F5FB8 /* Interactor */,
				F2995AE0269CFC4E000F5FB8 /* Router */,
			);
			path = RegisterNewUser;
			sourceTree = "<group>";
		};
		F2995AD5269CFC4E000F5FB8 /* ExternalDataManager */ = {
			isa = PBXGroup;
			children = (
				F2995AD6269CFC4E000F5FB8 /* ExternalDataManager.swift */,
			);
			path = ExternalDataManager;
			sourceTree = "<group>";
		};
		F2995AD7269CFC4E000F5FB8 /* Presenter */ = {
			isa = PBXGroup;
			children = (
				F2995AD8269CFC4E000F5FB8 /* SABRegisterPresenter.swift */,
			);
			path = Presenter;
			sourceTree = "<group>";
		};
		F2995AD9269CFC4E000F5FB8 /* Protocol */ = {
			isa = PBXGroup;
			children = (
				F2995ADA269CFC4E000F5FB8 /* SABRegisterProtocol.swift */,
			);
			path = Protocol;
			sourceTree = "<group>";
		};
		F2995ADB269CFC4E000F5FB8 /* View */ = {
			isa = PBXGroup;
			children = (
				F2995ADC269CFC4E000F5FB8 /* SABRegisterVC.swift */,
				F2995ADD269CFC4E000F5FB8 /* SABRegisterVC.xib */,
			);
			path = View;
			sourceTree = "<group>";
		};
		F2995ADE269CFC4E000F5FB8 /* Interactor */ = {
			isa = PBXGroup;
			children = (
				F2995ADF269CFC4E000F5FB8 /* SABRegisterInteractor.swift */,
			);
			path = Interactor;
			sourceTree = "<group>";
		};
		F2995AE0269CFC4E000F5FB8 /* Router */ = {
			isa = PBXGroup;
			children = (
				F2995AE1269CFC4E000F5FB8 /* SABRegisterRouter.swift */,
			);
			path = Router;
			sourceTree = "<group>";
		};
		F2995AE2269CFC4E000F5FB8 /* RequestInformation */ = {
			isa = PBXGroup;
			children = (
				E357185526A72E0F007E5DE9 /* RemoteData */,
				F2995AE3269CFC4E000F5FB8 /* Entity */,
				F2995AE5269CFC4E000F5FB8 /* Presenter */,
				F2995AE7269CFC4E000F5FB8 /* Protocol */,
				F2995AE9269CFC4E000F5FB8 /* View */,
				F2995AEC269CFC4E000F5FB8 /* Interactor */,
				F2995AEE269CFC4E000F5FB8 /* Router */,
			);
			path = RequestInformation;
			sourceTree = "<group>";
		};
		F2995AE3269CFC4E000F5FB8 /* Entity */ = {
			isa = PBXGroup;
			children = (
				F2995AE4269CFC4E000F5FB8 /* SABRequestInformationEntity.swift */,
			);
			path = Entity;
			sourceTree = "<group>";
		};
		F2995AE5269CFC4E000F5FB8 /* Presenter */ = {
			isa = PBXGroup;
			children = (
				F2995AE6269CFC4E000F5FB8 /* RequestInformationPresenter.swift */,
			);
			path = Presenter;
			sourceTree = "<group>";
		};
		F2995AE7269CFC4E000F5FB8 /* Protocol */ = {
			isa = PBXGroup;
			children = (
				F2995AE8269CFC4E000F5FB8 /* RequestInformationProtocol.swift */,
			);
			path = Protocol;
			sourceTree = "<group>";
		};
		F2995AE9269CFC4E000F5FB8 /* View */ = {
			isa = PBXGroup;
			children = (
				F2995AEA269CFC4E000F5FB8 /* RequestInformationVC.xib */,
				F2995AEB269CFC4E000F5FB8 /* RequestInformationVC.swift */,
			);
			path = View;
			sourceTree = "<group>";
		};
		F2995AEC269CFC4E000F5FB8 /* Interactor */ = {
			isa = PBXGroup;
			children = (
				F2995AED269CFC4E000F5FB8 /* RequestInformationInteractor.swift */,
			);
			path = Interactor;
			sourceTree = "<group>";
		};
		F2995AEE269CFC4E000F5FB8 /* Router */ = {
			isa = PBXGroup;
			children = (
				F2995AEF269CFC4E000F5FB8 /* RequestInformationRouter.swift */,
			);
			path = Router;
			sourceTree = "<group>";
		};
/* End PBXGroup section */

/* Begin PBXNativeTarget section */
		F233E157268CFF6A00D44AFD /* ShipAndBox */ = {
			isa = PBXNativeTarget;
			buildConfigurationList = F233E16C268CFF6B00D44AFD /* Build configuration list for PBXNativeTarget "ShipAndBox" */;
			buildPhases = (
				58057C14D1CEEDB09DAA3DBA /* [CP] Check Pods Manifest.lock */,
				F233E154268CFF6A00D44AFD /* Sources */,
				F233E155268CFF6A00D44AFD /* Frameworks */,
				F233E156268CFF6A00D44AFD /* Resources */,
				A83F65EB96A511C4A22170C3 /* [CP] Embed Pods Frameworks */,
				58D7B8C47056EF04DB09C251 /* [CP] Copy Pods Resources */,
				04A99208269E136900F491A6 /* Embed Frameworks */,
			);
			buildRules = (
			);
			dependencies = (
			);
			name = ShipAndBox;
			productName = ShipAndBox;
			productReference = F233E158268CFF6A00D44AFD /* ShipAndBox.app */;
			productType = "com.apple.product-type.application";
		};
/* End PBXNativeTarget section */

/* Begin PBXProject section */
		F233E150268CFF6A00D44AFD /* Project object */ = {
			isa = PBXProject;
			attributes = {
				LastSwiftUpdateCheck = 1210;
				LastUpgradeCheck = 1210;
				TargetAttributes = {
					F233E157268CFF6A00D44AFD = {
						CreatedOnToolsVersion = 12.1;
					};
				};
			};
			buildConfigurationList = F233E153268CFF6A00D44AFD /* Build configuration list for PBXProject "ShipAndBox" */;
			compatibilityVersion = "Xcode 9.3";
			developmentRegion = en;
			hasScannedForEncodings = 0;
			knownRegions = (
				en,
				Base,
			);
			mainGroup = F233E14F268CFF6A00D44AFD;
			productRefGroup = F233E159268CFF6A00D44AFD /* Products */;
			projectDirPath = "";
			projectRoot = "";
			targets = (
				F233E157268CFF6A00D44AFD /* ShipAndBox */,
			);
		};
/* End PBXProject section */

/* Begin PBXResourcesBuildPhase section */
		F233E156268CFF6A00D44AFD /* Resources */ = {
			isa = PBXResourcesBuildPhase;
			buildActionMask = 2147483647;
			files = (
				04B9EAB026CF0FE800B553ED /* PrivacyAndTerms.xib in Resources */,
				0410D4F726B898BA009E5259 /* SABNewCoOwnerVC.xib in Resources */,
				0410D4DD26B898B4009E5259 /* PlaceHolderCollectionViewCell.xib in Resources */,
				0448A7A526A0E6CE00B83524 /* SABTabBarHomeVC.xib in Resources */,
				0497851626E2CDAA00BCD188 /* SABOnBoardingPackagesCollectionViewCell.xib in Resources */,
				0497851E26E2CDDD00BCD188 /* SABOnBoardingCoOwnerCollectionViewCell.xib in Resources */,
				0497851A26E2CDC400BCD188 /* SABOnBoardingAdministrationCollectionViewCell.xib in Resources */,
				F24274DB269D247F0070A4F8 /* SABChangePasswordVC.xib in Resources */,
				E3C55E59269D0C6B00E312A5 /* SABUserRegisterStepThreeVC.xib in Resources */,
				F2995AFA269CFC4E000F5FB8 /* RequestInformationVC.xib in Resources */,
				0410D4E126B898B4009E5259 /* SABCoOwnerVC.xib in Resources */,
				F233E168268CFF6B00D44AFD /* LaunchScreen.storyboard in Resources */,
				E302687E26A89C2600E59CDE /* SABProfileVC.xib in Resources */,
				E382333A26B1B376008CA3B9 /* SABEditProfileVC.xib in Resources */,
				F233E165268CFF6B00D44AFD /* Assets.xcassets in Resources */,
				F2995AF4269CFC4E000F5FB8 /* SABRegisterVC.xib in Resources */,
				049784B526E12AC700BCD188 /* SABOnBoardingViewController.xib in Resources */,
				04A991F5269E113D00F491A6 /* SABRealizaTuPagoVC.xib in Resources */,
				0410D4DF26B898B4009E5259 /* CoOwnerCollectionViewCell.xib in Resources */,
				04BD476D268D0E860058B77A /* SABLoginVC.xib in Resources */,
			);
			runOnlyForDeploymentPostprocessing = 0;
		};
/* End PBXResourcesBuildPhase section */

/* Begin PBXShellScriptBuildPhase section */
		58057C14D1CEEDB09DAA3DBA /* [CP] Check Pods Manifest.lock */ = {
			isa = PBXShellScriptBuildPhase;
			buildActionMask = 2147483647;
			files = (
			);
			inputFileListPaths = (
			);
			inputPaths = (
				"${PODS_PODFILE_DIR_PATH}/Podfile.lock",
				"${PODS_ROOT}/Manifest.lock",
			);
			name = "[CP] Check Pods Manifest.lock";
			outputFileListPaths = (
			);
			outputPaths = (
				"$(DERIVED_FILE_DIR)/Pods-ShipAndBox-checkManifestLockResult.txt",
			);
			runOnlyForDeploymentPostprocessing = 0;
			shellPath = /bin/sh;
			shellScript = "diff \"${PODS_PODFILE_DIR_PATH}/Podfile.lock\" \"${PODS_ROOT}/Manifest.lock\" > /dev/null\nif [ $? != 0 ] ; then\n    # print error to STDERR\n    echo \"error: The sandbox is not in sync with the Podfile.lock. Run 'pod install' or update your CocoaPods installation.\" >&2\n    exit 1\nfi\n# This output is used by Xcode 'outputs' to avoid re-running this script phase.\necho \"SUCCESS\" > \"${SCRIPT_OUTPUT_FILE_0}\"\n";
			showEnvVarsInLog = 0;
		};
		58D7B8C47056EF04DB09C251 /* [CP] Copy Pods Resources */ = {
			isa = PBXShellScriptBuildPhase;
			buildActionMask = 2147483647;
			files = (
			);
			inputFileListPaths = (
				"${PODS_ROOT}/Target Support Files/Pods-ShipAndBox/Pods-ShipAndBox-resources-${CONFIGURATION}-input-files.xcfilelist",
			);
			name = "[CP] Copy Pods Resources";
			outputFileListPaths = (
				"${PODS_ROOT}/Target Support Files/Pods-ShipAndBox/Pods-ShipAndBox-resources-${CONFIGURATION}-output-files.xcfilelist",
			);
			runOnlyForDeploymentPostprocessing = 0;
			shellPath = /bin/sh;
			shellScript = "\"${PODS_ROOT}/Target Support Files/Pods-ShipAndBox/Pods-ShipAndBox-resources.sh\"\n";
			showEnvVarsInLog = 0;
		};
		A83F65EB96A511C4A22170C3 /* [CP] Embed Pods Frameworks */ = {
			isa = PBXShellScriptBuildPhase;
			buildActionMask = 2147483647;
			files = (
			);
			inputFileListPaths = (
				"${PODS_ROOT}/Target Support Files/Pods-ShipAndBox/Pods-ShipAndBox-frameworks-${CONFIGURATION}-input-files.xcfilelist",
			);
			name = "[CP] Embed Pods Frameworks";
			outputFileListPaths = (
				"${PODS_ROOT}/Target Support Files/Pods-ShipAndBox/Pods-ShipAndBox-frameworks-${CONFIGURATION}-output-files.xcfilelist",
			);
			runOnlyForDeploymentPostprocessing = 0;
			shellPath = /bin/sh;
			shellScript = "\"${PODS_ROOT}/Target Support Files/Pods-ShipAndBox/Pods-ShipAndBox-frameworks.sh\"\n";
			showEnvVarsInLog = 0;
		};
/* End PBXShellScriptBuildPhase section */

/* Begin PBXSourcesBuildPhase section */
		F233E154268CFF6A00D44AFD /* Sources */ = {
			isa = PBXSourcesBuildPhase;
			buildActionMask = 2147483647;
			files = (
				0448A7A726A0E6CE00B83524 /* SABTabBarHomeRouter.swift in Sources */,
				E302688026A89C2600E59CDE /* SABProfileRouter.swift in Sources */,
				04A991F8269E113D00F491A6 /* SABRealizaTuPagoInteractor.swift in Sources */,
				F2995AD1269CFA68000F5FB8 /* YPDrawSignatureView.swift in Sources */,
				0497851D26E2CDDD00BCD188 /* SABOnBoardingCoOwnerCollectionViewCell.swift in Sources */,
				F24274DC269D247F0070A4F8 /* SABChangePasswordVC.swift in Sources */,
				F2995AF2269CFC4E000F5FB8 /* SABRegisterProtocol.swift in Sources */,
				0410D4F626B898BA009E5259 /* SABNewCoOwnerVC.swift in Sources */,
				F2995AF0269CFC4E000F5FB8 /* ExternalDataManager.swift in Sources */,
				F2995AFC269CFC4E000F5FB8 /* RequestInformationInteractor.swift in Sources */,
				0497852826E9137900BCD188 /* SABCoOwnerProtocol.swift in Sources */,
				F2995ACF269CFA68000F5FB8 /* ActivityIndicator.swift in Sources */,
				0410D4E026B898B4009E5259 /* CoOwnerCollectionViewCell.swift in Sources */,
				F24274DE269D247F0070A4F8 /* SABChangePasswordRouter.swift in Sources */,
				E302688D26AA263E00E59CDE /* SABProfileRemoteData.swift in Sources */,
				04BD476F268D0E860058B77A /* SABLoginRouter.swift in Sources */,
				0410D4F926B898BA009E5259 /* SABNewCoOwnerRouter.swift in Sources */,
				04BD476E268D0E860058B77A /* SABLoginPresenter.swift in Sources */,
				0497852926E9139B00BCD188 /* PlaceHolderCollectionViewCell.swift in Sources */,
				0410D4E226B898B4009E5259 /* SABCoOwnerVC.swift in Sources */,
				04A991FA269E113D00F491A6 /* SABRealizaTuPagoRemoteDataManagerInputProtocol.swift in Sources */,
				0497851926E2CDC400BCD188 /* SABOnBoardingAdministrationCollectionViewCell.swift in Sources */,
				0448A7A626A0E6CE00B83524 /* SABTabBarHomePresenter.swift in Sources */,
				0497852726E9136B00BCD188 /* SABCoOwnerInteractor.swift in Sources */,
				047937342694C4B900979654 /* SABLoginRemoteDataManagerInputProtocol.swift in Sources */,
				0497852A26E913D300BCD188 /* SABPersonModel.swift in Sources */,
				04BD4772268D0E860058B77A /* SABLoginVC.swift in Sources */,
				E3C55E55269D0C6B00E312A5 /* SABUserRegisterStepThreeRemoteDataManager.swift in Sources */,
				E3C55E5C269D0C6B00E312A5 /* SABUserRegisterStepThreeRouter.swift in Sources */,
				E382333F26B1B376008CA3B9 /* SABEditProfileVC.swift in Sources */,
				04BD4770268D0E860058B77A /* SABLoginInteractor.swift in Sources */,
				049784B426E12AC700BCD188 /* SABOnBoardingViewController.swift in Sources */,
				F2995AF1269CFC4E000F5FB8 /* SABRegisterPresenter.swift in Sources */,
				04A991F9269E113D00F491A6 /* SABRealizaTuPagoPresenter.swift in Sources */,
				E302688326A89C2600E59CDE /* SABProfileVC.swift in Sources */,
				F24274D9269D247F0070A4F8 /* SABChangePasswordPresenter.swift in Sources */,
				0410D4E426B898B4009E5259 /* SABCoOwnerRouter.swift in Sources */,
				F2995AF5269CFC4E000F5FB8 /* SABRegisterInteractor.swift in Sources */,
				04A991F7269E113D00F491A6 /* SABRealizaTuPagoProtocol.swift in Sources */,
				0410D4DB26B898B4009E5259 /* SABCoOwnerPresenter.swift in Sources */,
				04A991F4269E113D00F491A6 /* SABRealizaTuPagoRouter.swift in Sources */,
				0448A7A926A0E6CE00B83524 /* SABTabBarHomeProtocol.swift in Sources */,
				04A991F6269E113D00F491A6 /* SABRealizaTuPagoVC.swift in Sources */,
				F2995AFB269CFC4E000F5FB8 /* RequestInformationVC.swift in Sources */,
				F2995AFD269CFC4E000F5FB8 /* RequestInformationRouter.swift in Sources */,
				0448A7A826A0E6CE00B83524 /* SABTabBarHomeInteractor.swift in Sources */,
				E382333E26B1B376008CA3B9 /* SABEditProfileProtocol.swift in Sources */,
				E3C55E57269D0C6B00E312A5 /* SABUserRegisterStepThreeProtocol.swift in Sources */,
				0497852B26E913D900BCD188 /* SABNewCoOwnerProtocol.swift in Sources */,
				E3C55E5B269D0C6B00E312A5 /* SABUserRegisterStepThreeInteractor.swift in Sources */,
				E382333C26B1B376008CA3B9 /* SABEditProfileRouter.swift in Sources */,
				E302688226A89C2600E59CDE /* SABProfileProtocol.swift in Sources */,
				F2995AF6269CFC4E000F5FB8 /* SABRegisterRouter.swift in Sources */,
				E302687F26A89C2600E59CDE /* SABProfilePresenter.swift in Sources */,
				04BD4771268D0E860058B77A /* SABLoginProtocol.swift in Sources */,
				F233E15C268CFF6A00D44AFD /* AppDelegate.swift in Sources */,
				F233E15E268CFF6A00D44AFD /* SceneDelegate.swift in Sources */,
				F2995AD0269CFA68000F5FB8 /* UtilitiesSAB.swift in Sources */,
				04B9EAAE26CF0FDE00B553ED /* PrivacyAndTerms.swift in Sources */,
				F2995AF9269CFC4E000F5FB8 /* RequestInformationProtocol.swift in Sources */,
				E302688126A89C2600E59CDE /* SABProfileInteractor.swift in Sources */,
				F24274DA269D247F0070A4F8 /* SABChangePasswordProtocol.swift in Sources */,
				F2995AF7269CFC4E000F5FB8 /* SABRequestInformationEntity.swift in Sources */,
				E382333B26B1B376008CA3B9 /* SABEditProfilePresenter.swift in Sources */,
				0497852C26E913E100BCD188 /* SABNewCoOwnerInteractor.swift in Sources */,
				F2995AF8269CFC4E000F5FB8 /* RequestInformationPresenter.swift in Sources */,
				0410D4F426B898BA009E5259 /* SABNewCoOwnerPresenter.swift in Sources */,
				E3C55E5A269D0C6B00E312A5 /* SABUserRegisterStepThreeVC.swift in Sources */,
				0497851526E2CDAA00BCD188 /* SABOnBoardingPackagesCollectionViewCell.swift in Sources */,
				E3C55E56269D0C6B00E312A5 /* SABUserRegisterStepThreePresenter.swift in Sources */,
				E382333326AF2A89008CA3B9 /* SABProfileEntity.swift in Sources */,
				0448A7AA26A0E6CE00B83524 /* SABTabBarHomeVC.swift in Sources */,
				F2995AF3269CFC4E000F5FB8 /* SABRegisterVC.swift in Sources */,
				F24274E3269DFD380070A4F8 /* Enums.swift in Sources */,
				F24274DD269D247F0070A4F8 /* SABChangePasswordInteractor.swift in Sources */,
				E38341AF26A0A91B00D80F55 /* validationsRegisterNewUser.swift in Sources */,
				E357185726A72E0F007E5DE9 /* RequestIformationRemoteData.swift in Sources */,
				E382333D26B1B376008CA3B9 /* SABEditProfileInteractor.swift in Sources */,
			);
			runOnlyForDeploymentPostprocessing = 0;
		};
/* End PBXSourcesBuildPhase section */

/* Begin PBXVariantGroup section */
		F233E166268CFF6B00D44AFD /* LaunchScreen.storyboard */ = {
			isa = PBXVariantGroup;
			children = (
				F233E167268CFF6B00D44AFD /* Base */,
			);
			name = LaunchScreen.storyboard;
			sourceTree = "<group>";
		};
/* End PBXVariantGroup section */

/* Begin XCBuildConfiguration section */
		F233E16A268CFF6B00D44AFD /* Debug */ = {
			isa = XCBuildConfiguration;
			buildSettings = {
				ALWAYS_SEARCH_USER_PATHS = NO;
				CLANG_ANALYZER_NONNULL = YES;
				CLANG_ANALYZER_NUMBER_OBJECT_CONVERSION = YES_AGGRESSIVE;
				CLANG_CXX_LANGUAGE_STANDARD = "gnu++14";
				CLANG_CXX_LIBRARY = "libc++";
				CLANG_ENABLE_MODULES = YES;
				CLANG_ENABLE_OBJC_ARC = YES;
				CLANG_ENABLE_OBJC_WEAK = YES;
				CLANG_WARN_BLOCK_CAPTURE_AUTORELEASING = YES;
				CLANG_WARN_BOOL_CONVERSION = YES;
				CLANG_WARN_COMMA = YES;
				CLANG_WARN_CONSTANT_CONVERSION = YES;
				CLANG_WARN_DEPRECATED_OBJC_IMPLEMENTATIONS = YES;
				CLANG_WARN_DIRECT_OBJC_ISA_USAGE = YES_ERROR;
				CLANG_WARN_DOCUMENTATION_COMMENTS = YES;
				CLANG_WARN_EMPTY_BODY = YES;
				CLANG_WARN_ENUM_CONVERSION = YES;
				CLANG_WARN_INFINITE_RECURSION = YES;
				CLANG_WARN_INT_CONVERSION = YES;
				CLANG_WARN_NON_LITERAL_NULL_CONVERSION = YES;
				CLANG_WARN_OBJC_IMPLICIT_RETAIN_SELF = YES;
				CLANG_WARN_OBJC_LITERAL_CONVERSION = YES;
				CLANG_WARN_OBJC_ROOT_CLASS = YES_ERROR;
				CLANG_WARN_QUOTED_INCLUDE_IN_FRAMEWORK_HEADER = YES;
				CLANG_WARN_RANGE_LOOP_ANALYSIS = YES;
				CLANG_WARN_STRICT_PROTOTYPES = YES;
				CLANG_WARN_SUSPICIOUS_MOVE = YES;
				CLANG_WARN_UNGUARDED_AVAILABILITY = YES_AGGRESSIVE;
				CLANG_WARN_UNREACHABLE_CODE = YES;
				CLANG_WARN__DUPLICATE_METHOD_MATCH = YES;
				COPY_PHASE_STRIP = NO;
				DEBUG_INFORMATION_FORMAT = dwarf;
				ENABLE_STRICT_OBJC_MSGSEND = YES;
				ENABLE_TESTABILITY = YES;
				GCC_C_LANGUAGE_STANDARD = gnu11;
				GCC_DYNAMIC_NO_PIC = NO;
				GCC_NO_COMMON_BLOCKS = YES;
				GCC_OPTIMIZATION_LEVEL = 0;
				GCC_PREPROCESSOR_DEFINITIONS = (
					"DEBUG=1",
					"$(inherited)",
				);
				GCC_WARN_64_TO_32_BIT_CONVERSION = YES;
				GCC_WARN_ABOUT_RETURN_TYPE = YES_ERROR;
				GCC_WARN_UNDECLARED_SELECTOR = YES;
				GCC_WARN_UNINITIALIZED_AUTOS = YES_AGGRESSIVE;
				GCC_WARN_UNUSED_FUNCTION = YES;
				GCC_WARN_UNUSED_VARIABLE = YES;
				IPHONEOS_DEPLOYMENT_TARGET = 14.1;
				MTL_ENABLE_DEBUG_INFO = INCLUDE_SOURCE;
				MTL_FAST_MATH = YES;
				ONLY_ACTIVE_ARCH = YES;
				SDKROOT = iphoneos;
				SWIFT_ACTIVE_COMPILATION_CONDITIONS = DEBUG;
				SWIFT_OPTIMIZATION_LEVEL = "-Onone";
			};
			name = Debug;
		};
		F233E16B268CFF6B00D44AFD /* Release */ = {
			isa = XCBuildConfiguration;
			buildSettings = {
				ALWAYS_SEARCH_USER_PATHS = NO;
				CLANG_ANALYZER_NONNULL = YES;
				CLANG_ANALYZER_NUMBER_OBJECT_CONVERSION = YES_AGGRESSIVE;
				CLANG_CXX_LANGUAGE_STANDARD = "gnu++14";
				CLANG_CXX_LIBRARY = "libc++";
				CLANG_ENABLE_MODULES = YES;
				CLANG_ENABLE_OBJC_ARC = YES;
				CLANG_ENABLE_OBJC_WEAK = YES;
				CLANG_WARN_BLOCK_CAPTURE_AUTORELEASING = YES;
				CLANG_WARN_BOOL_CONVERSION = YES;
				CLANG_WARN_COMMA = YES;
				CLANG_WARN_CONSTANT_CONVERSION = YES;
				CLANG_WARN_DEPRECATED_OBJC_IMPLEMENTATIONS = YES;
				CLANG_WARN_DIRECT_OBJC_ISA_USAGE = YES_ERROR;
				CLANG_WARN_DOCUMENTATION_COMMENTS = YES;
				CLANG_WARN_EMPTY_BODY = YES;
				CLANG_WARN_ENUM_CONVERSION = YES;
				CLANG_WARN_INFINITE_RECURSION = YES;
				CLANG_WARN_INT_CONVERSION = YES;
				CLANG_WARN_NON_LITERAL_NULL_CONVERSION = YES;
				CLANG_WARN_OBJC_IMPLICIT_RETAIN_SELF = YES;
				CLANG_WARN_OBJC_LITERAL_CONVERSION = YES;
				CLANG_WARN_OBJC_ROOT_CLASS = YES_ERROR;
				CLANG_WARN_QUOTED_INCLUDE_IN_FRAMEWORK_HEADER = YES;
				CLANG_WARN_RANGE_LOOP_ANALYSIS = YES;
				CLANG_WARN_STRICT_PROTOTYPES = YES;
				CLANG_WARN_SUSPICIOUS_MOVE = YES;
				CLANG_WARN_UNGUARDED_AVAILABILITY = YES_AGGRESSIVE;
				CLANG_WARN_UNREACHABLE_CODE = YES;
				CLANG_WARN__DUPLICATE_METHOD_MATCH = YES;
				COPY_PHASE_STRIP = NO;
				DEBUG_INFORMATION_FORMAT = "dwarf-with-dsym";
				ENABLE_NS_ASSERTIONS = NO;
				ENABLE_STRICT_OBJC_MSGSEND = YES;
				GCC_C_LANGUAGE_STANDARD = gnu11;
				GCC_NO_COMMON_BLOCKS = YES;
				GCC_WARN_64_TO_32_BIT_CONVERSION = YES;
				GCC_WARN_ABOUT_RETURN_TYPE = YES_ERROR;
				GCC_WARN_UNDECLARED_SELECTOR = YES;
				GCC_WARN_UNINITIALIZED_AUTOS = YES_AGGRESSIVE;
				GCC_WARN_UNUSED_FUNCTION = YES;
				GCC_WARN_UNUSED_VARIABLE = YES;
				IPHONEOS_DEPLOYMENT_TARGET = 14.1;
				MTL_ENABLE_DEBUG_INFO = NO;
				MTL_FAST_MATH = YES;
				SDKROOT = iphoneos;
				SWIFT_COMPILATION_MODE = wholemodule;
				SWIFT_OPTIMIZATION_LEVEL = "-O";
				VALIDATE_PRODUCT = YES;
			};
			name = Release;
		};
		F233E16D268CFF6B00D44AFD /* Debug */ = {
			isa = XCBuildConfiguration;
			baseConfigurationReference = C3073B5E52CFF9FF879248F7 /* Pods-ShipAndBox.debug.xcconfig */;
			buildSettings = {
				ASSETCATALOG_COMPILER_APPICON_NAME = AppIcon;
				ASSETCATALOG_COMPILER_GLOBAL_ACCENT_COLOR_NAME = AccentColor;
				CODE_SIGN_STYLE = Automatic;
				DEVELOPMENT_TEAM = 4U7GZPW9DW;
				FRAMEWORK_SEARCH_PATHS = (
					"$(inherited)",
					"$(PROJECT_DIR)",
				);
				INFOPLIST_FILE = ShipAndBox/Info.plist;
				IPHONEOS_DEPLOYMENT_TARGET = 14.1;
				LD_RUNPATH_SEARCH_PATHS = (
					"$(inherited)",
					"@executable_path/Frameworks",
				);
				PRODUCT_BUNDLE_IDENTIFIER = com.appViper.com;
				PRODUCT_NAME = "$(TARGET_NAME)";
				SWIFT_VERSION = 5.0;
				TARGETED_DEVICE_FAMILY = "1,2";
			};
			name = Debug;
		};
		F233E16E268CFF6B00D44AFD /* Release */ = {
			isa = XCBuildConfiguration;
			baseConfigurationReference = 9A99A200C05E9681CD057E0F /* Pods-ShipAndBox.release.xcconfig */;
			buildSettings = {
				ASSETCATALOG_COMPILER_APPICON_NAME = AppIcon;
				ASSETCATALOG_COMPILER_GLOBAL_ACCENT_COLOR_NAME = AccentColor;
				CODE_SIGN_STYLE = Automatic;
				DEVELOPMENT_TEAM = 4U7GZPW9DW;
				FRAMEWORK_SEARCH_PATHS = (
					"$(inherited)",
					"$(PROJECT_DIR)",
				);
				INFOPLIST_FILE = ShipAndBox/Info.plist;
				IPHONEOS_DEPLOYMENT_TARGET = 14.1;
				LD_RUNPATH_SEARCH_PATHS = (
					"$(inherited)",
					"@executable_path/Frameworks",
				);
				PRODUCT_BUNDLE_IDENTIFIER = com.appViper.com;
				PRODUCT_NAME = "$(TARGET_NAME)";
				SWIFT_VERSION = 5.0;
				TARGETED_DEVICE_FAMILY = "1,2";
			};
			name = Release;
		};
/* End XCBuildConfiguration section */

/* Begin XCConfigurationList section */
		F233E153268CFF6A00D44AFD /* Build configuration list for PBXProject "ShipAndBox" */ = {
			isa = XCConfigurationList;
			buildConfigurations = (
				F233E16A268CFF6B00D44AFD /* Debug */,
				F233E16B268CFF6B00D44AFD /* Release */,
			);
			defaultConfigurationIsVisible = 0;
			defaultConfigurationName = Release;
		};
		F233E16C268CFF6B00D44AFD /* Build configuration list for PBXNativeTarget "ShipAndBox" */ = {
			isa = XCConfigurationList;
			buildConfigurations = (
				F233E16D268CFF6B00D44AFD /* Debug */,
				F233E16E268CFF6B00D44AFD /* Release */,
			);
			defaultConfigurationIsVisible = 0;
			defaultConfigurationName = Release;
		};
/* End XCConfigurationList section */
	};
	rootObject = F233E150268CFF6A00D44AFD /* Project object */;
}
