// !$*UTF8*$!
{
	archiveVersion = 1;
	classes = {
	};
	objectVersion = 50;
	objects = {

/* Begin PBXBuildFile section */
		04BD476D268D0E860058B77A /* SABLoginVC.xib in Resources */ = {isa = PBXBuildFile; fileRef = 04BD4767268D0E860058B77A /* SABLoginVC.xib */; };
		04BD476E268D0E860058B77A /* SABLoginPresenter.swift in Sources */ = {isa = PBXBuildFile; fileRef = 04BD4768268D0E860058B77A /* SABLoginPresenter.swift */; };
		04BD476F268D0E860058B77A /* SABLoginRouter.swift in Sources */ = {isa = PBXBuildFile; fileRef = 04BD4769268D0E860058B77A /* SABLoginRouter.swift */; };
		04BD4770268D0E860058B77A /* SABLoginInteractor.swift in Sources */ = {isa = PBXBuildFile; fileRef = 04BD476A268D0E860058B77A /* SABLoginInteractor.swift */; };
		04BD4771268D0E860058B77A /* SABLoginProtocol.swift in Sources */ = {isa = PBXBuildFile; fileRef = 04BD476B268D0E860058B77A /* SABLoginProtocol.swift */; };
		04BD4772268D0E860058B77A /* SABLoginVC.swift in Sources */ = {isa = PBXBuildFile; fileRef = 04BD476C268D0E860058B77A /* SABLoginVC.swift */; };
		E3D8DE5E268D290300911762 /* SABChangePasswordVC.xib in Resources */ = {isa = PBXBuildFile; fileRef = E3D8DE58268D290300911762 /* SABChangePasswordVC.xib */; };
		E3D8DE5F268D290300911762 /* SABChangePasswordPresenter.swift in Sources */ = {isa = PBXBuildFile; fileRef = E3D8DE59268D290300911762 /* SABChangePasswordPresenter.swift */; };
		E3D8DE60268D290300911762 /* SABChangePasswordRouter.swift in Sources */ = {isa = PBXBuildFile; fileRef = E3D8DE5A268D290300911762 /* SABChangePasswordRouter.swift */; };
		E3D8DE61268D290300911762 /* SABChangePasswordInteractor.swift in Sources */ = {isa = PBXBuildFile; fileRef = E3D8DE5B268D290300911762 /* SABChangePasswordInteractor.swift */; };
		E3D8DE62268D290300911762 /* SABChangePasswordProtocol.swift in Sources */ = {isa = PBXBuildFile; fileRef = E3D8DE5C268D290300911762 /* SABChangePasswordProtocol.swift */; };
		E3D8DE63268D290300911762 /* SABChangePasswordVC.swift in Sources */ = {isa = PBXBuildFile; fileRef = E3D8DE5D268D290300911762 /* SABChangePasswordVC.swift */; };
		F233E15C268CFF6A00D44AFD /* AppDelegate.swift in Sources */ = {isa = PBXBuildFile; fileRef = F233E15B268CFF6A00D44AFD /* AppDelegate.swift */; };
		F233E15E268CFF6A00D44AFD /* SceneDelegate.swift in Sources */ = {isa = PBXBuildFile; fileRef = F233E15D268CFF6A00D44AFD /* SceneDelegate.swift */; };
		F233E165268CFF6B00D44AFD /* Assets.xcassets in Resources */ = {isa = PBXBuildFile; fileRef = F233E164268CFF6B00D44AFD /* Assets.xcassets */; };
		F233E168268CFF6B00D44AFD /* LaunchScreen.storyboard in Resources */ = {isa = PBXBuildFile; fileRef = F233E166268CFF6B00D44AFD /* LaunchScreen.storyboard */; };
/* End PBXBuildFile section */

/* Begin PBXFileReference section */
		04BD4767268D0E860058B77A /* SABLoginVC.xib */ = {isa = PBXFileReference; lastKnownFileType = file.xib; path = SABLoginVC.xib; sourceTree = "<group>"; };
		04BD4768268D0E860058B77A /* SABLoginPresenter.swift */ = {isa = PBXFileReference; lastKnownFileType = sourcecode.swift; path = SABLoginPresenter.swift; sourceTree = "<group>"; };
		04BD4769268D0E860058B77A /* SABLoginRouter.swift */ = {isa = PBXFileReference; lastKnownFileType = sourcecode.swift; path = SABLoginRouter.swift; sourceTree = "<group>"; };
		04BD476A268D0E860058B77A /* SABLoginInteractor.swift */ = {isa = PBXFileReference; lastKnownFileType = sourcecode.swift; path = SABLoginInteractor.swift; sourceTree = "<group>"; };
		04BD476B268D0E860058B77A /* SABLoginProtocol.swift */ = {isa = PBXFileReference; lastKnownFileType = sourcecode.swift; path = SABLoginProtocol.swift; sourceTree = "<group>"; };
		04BD476C268D0E860058B77A /* SABLoginVC.swift */ = {isa = PBXFileReference; lastKnownFileType = sourcecode.swift; path = SABLoginVC.swift; sourceTree = "<group>"; };
		E3D8DE58268D290300911762 /* SABChangePasswordVC.xib */ = {isa = PBXFileReference; lastKnownFileType = file.xib; path = SABChangePasswordVC.xib; sourceTree = "<group>"; };
		E3D8DE59268D290300911762 /* SABChangePasswordPresenter.swift */ = {isa = PBXFileReference; lastKnownFileType = sourcecode.swift; path = SABChangePasswordPresenter.swift; sourceTree = "<group>"; };
		E3D8DE5A268D290300911762 /* SABChangePasswordRouter.swift */ = {isa = PBXFileReference; lastKnownFileType = sourcecode.swift; path = SABChangePasswordRouter.swift; sourceTree = "<group>"; };
		E3D8DE5B268D290300911762 /* SABChangePasswordInteractor.swift */ = {isa = PBXFileReference; lastKnownFileType = sourcecode.swift; path = SABChangePasswordInteractor.swift; sourceTree = "<group>"; };
		E3D8DE5C268D290300911762 /* SABChangePasswordProtocol.swift */ = {isa = PBXFileReference; lastKnownFileType = sourcecode.swift; path = SABChangePasswordProtocol.swift; sourceTree = "<group>"; };
		E3D8DE5D268D290300911762 /* SABChangePasswordVC.swift */ = {isa = PBXFileReference; lastKnownFileType = sourcecode.swift; path = SABChangePasswordVC.swift; sourceTree = "<group>"; };
		F233E158268CFF6A00D44AFD /* ShipAndBox.app */ = {isa = PBXFileReference; explicitFileType = wrapper.application; includeInIndex = 0; path = ShipAndBox.app; sourceTree = BUILT_PRODUCTS_DIR; };
		F233E15B268CFF6A00D44AFD /* AppDelegate.swift */ = {isa = PBXFileReference; lastKnownFileType = sourcecode.swift; path = AppDelegate.swift; sourceTree = "<group>"; };
		F233E15D268CFF6A00D44AFD /* SceneDelegate.swift */ = {isa = PBXFileReference; lastKnownFileType = sourcecode.swift; path = SceneDelegate.swift; sourceTree = "<group>"; };
		F233E164268CFF6B00D44AFD /* Assets.xcassets */ = {isa = PBXFileReference; lastKnownFileType = folder.assetcatalog; path = Assets.xcassets; sourceTree = "<group>"; };
		F233E167268CFF6B00D44AFD /* Base */ = {isa = PBXFileReference; lastKnownFileType = file.storyboard; name = Base; path = Base.lproj/LaunchScreen.storyboard; sourceTree = "<group>"; };
		F233E169268CFF6B00D44AFD /* Info.plist */ = {isa = PBXFileReference; lastKnownFileType = text.plist.xml; path = Info.plist; sourceTree = "<group>"; };
/* End PBXFileReference section */

/* Begin PBXFrameworksBuildPhase section */
		F233E155268CFF6A00D44AFD /* Frameworks */ = {
			isa = PBXFrameworksBuildPhase;
			buildActionMask = 2147483647;
			files = (
			);
			runOnlyForDeploymentPostprocessing = 0;
		};
/* End PBXFrameworksBuildPhase section */

/* Begin PBXGroup section */
		04BD4761268D0DF10058B77A /* SABLogin */ = {
			isa = PBXGroup;
			children = (
				04BD4774268D0EA10058B77A /* Presenter */,
				04BD4765268D0E430058B77A /* Router */,
				04BD4764268D0E3D0058B77A /* Protocol */,
				04BD4763268D0E340058B77A /* Interactor */,
				04BD4762268D0E2A0058B77A /* View */,
			);
			path = SABLogin;
			sourceTree = "<group>";
		};
		04BD4762268D0E2A0058B77A /* View */ = {
			isa = PBXGroup;
			children = (
				04BD476C268D0E860058B77A /* SABLoginVC.swift */,
				04BD4767268D0E860058B77A /* SABLoginVC.xib */,
			);
			path = View;
			sourceTree = "<group>";
		};
		04BD4763268D0E340058B77A /* Interactor */ = {
			isa = PBXGroup;
			children = (
				04BD476A268D0E860058B77A /* SABLoginInteractor.swift */,
			);
			path = Interactor;
			sourceTree = "<group>";
		};
		04BD4764268D0E3D0058B77A /* Protocol */ = {
			isa = PBXGroup;
			children = (
				04BD476B268D0E860058B77A /* SABLoginProtocol.swift */,
			);
			path = Protocol;
			sourceTree = "<group>";
		};
		04BD4765268D0E430058B77A /* Router */ = {
			isa = PBXGroup;
			children = (
				04BD4769268D0E860058B77A /* SABLoginRouter.swift */,
			);
			path = Router;
			sourceTree = "<group>";
		};
		04BD4774268D0EA10058B77A /* Presenter */ = {
			isa = PBXGroup;
			children = (
				04BD4768268D0E860058B77A /* SABLoginPresenter.swift */,
			);
			path = Presenter;
			sourceTree = "<group>";
		};
		E3D8DE65268D291500911762 /* SABChangePassvord */ = {
			isa = PBXGroup;
			children = (
				E3D8DE6B268D296C00911762 /* Router */,
				E3D8DE6A268D296100911762 /* View */,
				E3D8DE69268D295600911762 /* Protocol */,
				E3D8DE68268D294600911762 /* Interactor */,
				E3D8DE67268D293900911762 /* Presenter */,
			);
			path = SABChangePassvord;
			sourceTree = "<group>";
		};
		E3D8DE67268D293900911762 /* Presenter */ = {
			isa = PBXGroup;
			children = (
				E3D8DE59268D290300911762 /* SABChangePasswordPresenter.swift */,
			);
			path = Presenter;
			sourceTree = "<group>";
		};
		E3D8DE68268D294600911762 /* Interactor */ = {
			isa = PBXGroup;
			children = (
				E3D8DE5B268D290300911762 /* SABChangePasswordInteractor.swift */,
			);
			path = Interactor;
			sourceTree = "<group>";
		};
		E3D8DE69268D295600911762 /* Protocol */ = {
			isa = PBXGroup;
			children = (
				E3D8DE5C268D290300911762 /* SABChangePasswordProtocol.swift */,
			);
			path = Protocol;
			sourceTree = "<group>";
		};
		E3D8DE6A268D296100911762 /* View */ = {
			isa = PBXGroup;
			children = (
				E3D8DE58268D290300911762 /* SABChangePasswordVC.xib */,
				E3D8DE5D268D290300911762 /* SABChangePasswordVC.swift */,
			);
			path = View;
			sourceTree = "<group>";
		};
		E3D8DE6B268D296C00911762 /* Router */ = {
			isa = PBXGroup;
			children = (
				E3D8DE5A268D290300911762 /* SABChangePasswordRouter.swift */,
			);
			path = Router;
			sourceTree = "<group>";
		};
		F233E14F268CFF6A00D44AFD = {
			isa = PBXGroup;
			children = (
				F233E15A268CFF6A00D44AFD /* ShipAndBox */,
				F233E159268CFF6A00D44AFD /* Products */,
			);
			sourceTree = "<group>";
		};
		F233E159268CFF6A00D44AFD /* Products */ = {
			isa = PBXGroup;
			children = (
				F233E158268CFF6A00D44AFD /* ShipAndBox.app */,
			);
			name = Products;
			sourceTree = "<group>";
		};
		F233E15A268CFF6A00D44AFD /* ShipAndBox */ = {
			isa = PBXGroup;
			children = (
				F233E172268D1BE000D44AFD /* SABRegistro */,
				04BD4761268D0DF10058B77A /* SABLogin */,
				F233E15B268CFF6A00D44AFD /* AppDelegate.swift */,
				E3D8DE65268D291500911762 /* SABChangePassvord */,
				F233E15D268CFF6A00D44AFD /* SceneDelegate.swift */,
				F233E164268CFF6B00D44AFD /* Assets.xcassets */,
				F233E166268CFF6B00D44AFD /* LaunchScreen.storyboard */,
				F233E169268CFF6B00D44AFD /* Info.plist */,
			);
			path = ShipAndBox;
			sourceTree = "<group>";
		};
		F233E172268D1BE000D44AFD /* SABRegistro */ = {
			isa = PBXGroup;
			children = (
			);
			path = SABRegistro;
			sourceTree = "<group>";
		};
/* End PBXGroup section */

/* Begin PBXNativeTarget section */
		F233E157268CFF6A00D44AFD /* ShipAndBox */ = {
			isa = PBXNativeTarget;
			buildConfigurationList = F233E16C268CFF6B00D44AFD /* Build configuration list for PBXNativeTarget "ShipAndBox" */;
			buildPhases = (
				F233E154268CFF6A00D44AFD /* Sources */,
				F233E155268CFF6A00D44AFD /* Frameworks */,
				F233E156268CFF6A00D44AFD /* Resources */,
			);
			buildRules = (
			);
			dependencies = (
			);
			name = ShipAndBox;
			productName = ShipAndBox;
			productReference = F233E158268CFF6A00D44AFD /* ShipAndBox.app */;
			productType = "com.apple.product-type.application";
		};
/* End PBXNativeTarget section */

/* Begin PBXProject section */
		F233E150268CFF6A00D44AFD /* Project object */ = {
			isa = PBXProject;
			attributes = {
				LastSwiftUpdateCheck = 1210;
				LastUpgradeCheck = 1210;
				TargetAttributes = {
					F233E157268CFF6A00D44AFD = {
						CreatedOnToolsVersion = 12.1;
					};
				};
			};
			buildConfigurationList = F233E153268CFF6A00D44AFD /* Build configuration list for PBXProject "ShipAndBox" */;
			compatibilityVersion = "Xcode 9.3";
			developmentRegion = en;
			hasScannedForEncodings = 0;
			knownRegions = (
				en,
				Base,
			);
			mainGroup = F233E14F268CFF6A00D44AFD;
			productRefGroup = F233E159268CFF6A00D44AFD /* Products */;
			projectDirPath = "";
			projectRoot = "";
			targets = (
				F233E157268CFF6A00D44AFD /* ShipAndBox */,
			);
		};
/* End PBXProject section */

/* Begin PBXResourcesBuildPhase section */
		F233E156268CFF6A00D44AFD /* Resources */ = {
			isa = PBXResourcesBuildPhase;
			buildActionMask = 2147483647;
			files = (
				E3D8DE5E268D290300911762 /* SABChangePasswordVC.xib in Resources */,
				F233E168268CFF6B00D44AFD /* LaunchScreen.storyboard in Resources */,
				F233E165268CFF6B00D44AFD /* Assets.xcassets in Resources */,
				04BD476D268D0E860058B77A /* SABLoginVC.xib in Resources */,
			);
			runOnlyForDeploymentPostprocessing = 0;
		};
/* End PBXResourcesBuildPhase section */

/* Begin PBXSourcesBuildPhase section */
		F233E154268CFF6A00D44AFD /* Sources */ = {
			isa = PBXSourcesBuildPhase;
			buildActionMask = 2147483647;
			files = (
				E3D8DE63268D290300911762 /* SABChangePasswordVC.swift in Sources */,
				04BD476F268D0E860058B77A /* SABLoginRouter.swift in Sources */,
				04BD476E268D0E860058B77A /* SABLoginPresenter.swift in Sources */,
				04BD4772268D0E860058B77A /* SABLoginVC.swift in Sources */,
				04BD4770268D0E860058B77A /* SABLoginInteractor.swift in Sources */,
				E3D8DE5F268D290300911762 /* SABChangePasswordPresenter.swift in Sources */,
				04BD4771268D0E860058B77A /* SABLoginProtocol.swift in Sources */,
				F233E15C268CFF6A00D44AFD /* AppDelegate.swift in Sources */,
				F233E15E268CFF6A00D44AFD /* SceneDelegate.swift in Sources */,
				E3D8DE62268D290300911762 /* SABChangePasswordProtocol.swift in Sources */,
				E3D8DE61268D290300911762 /* SABChangePasswordInteractor.swift in Sources */,
				E3D8DE60268D290300911762 /* SABChangePasswordRouter.swift in Sources */,
			);
			runOnlyForDeploymentPostprocessing = 0;
		};
/* End PBXSourcesBuildPhase section */

/* Begin PBXVariantGroup section */
		F233E166268CFF6B00D44AFD /* LaunchScreen.storyboard */ = {
			isa = PBXVariantGroup;
			children = (
				F233E167268CFF6B00D44AFD /* Base */,
			);
			name = LaunchScreen.storyboard;
			sourceTree = "<group>";
		};
/* End PBXVariantGroup section */

/* Begin XCBuildConfiguration section */
		F233E16A268CFF6B00D44AFD /* Debug */ = {
			isa = XCBuildConfiguration;
			buildSettings = {
				ALWAYS_SEARCH_USER_PATHS = NO;
				CLANG_ANALYZER_NONNULL = YES;
				CLANG_ANALYZER_NUMBER_OBJECT_CONVERSION = YES_AGGRESSIVE;
				CLANG_CXX_LANGUAGE_STANDARD = "gnu++14";
				CLANG_CXX_LIBRARY = "libc++";
				CLANG_ENABLE_MODULES = YES;
				CLANG_ENABLE_OBJC_ARC = YES;
				CLANG_ENABLE_OBJC_WEAK = YES;
				CLANG_WARN_BLOCK_CAPTURE_AUTORELEASING = YES;
				CLANG_WARN_BOOL_CONVERSION = YES;
				CLANG_WARN_COMMA = YES;
				CLANG_WARN_CONSTANT_CONVERSION = YES;
				CLANG_WARN_DEPRECATED_OBJC_IMPLEMENTATIONS = YES;
				CLANG_WARN_DIRECT_OBJC_ISA_USAGE = YES_ERROR;
				CLANG_WARN_DOCUMENTATION_COMMENTS = YES;
				CLANG_WARN_EMPTY_BODY = YES;
				CLANG_WARN_ENUM_CONVERSION = YES;
				CLANG_WARN_INFINITE_RECURSION = YES;
				CLANG_WARN_INT_CONVERSION = YES;
				CLANG_WARN_NON_LITERAL_NULL_CONVERSION = YES;
				CLANG_WARN_OBJC_IMPLICIT_RETAIN_SELF = YES;
				CLANG_WARN_OBJC_LITERAL_CONVERSION = YES;
				CLANG_WARN_OBJC_ROOT_CLASS = YES_ERROR;
				CLANG_WARN_QUOTED_INCLUDE_IN_FRAMEWORK_HEADER = YES;
				CLANG_WARN_RANGE_LOOP_ANALYSIS = YES;
				CLANG_WARN_STRICT_PROTOTYPES = YES;
				CLANG_WARN_SUSPICIOUS_MOVE = YES;
				CLANG_WARN_UNGUARDED_AVAILABILITY = YES_AGGRESSIVE;
				CLANG_WARN_UNREACHABLE_CODE = YES;
				CLANG_WARN__DUPLICATE_METHOD_MATCH = YES;
				COPY_PHASE_STRIP = NO;
				DEBUG_INFORMATION_FORMAT = dwarf;
				ENABLE_STRICT_OBJC_MSGSEND = YES;
				ENABLE_TESTABILITY = YES;
				GCC_C_LANGUAGE_STANDARD = gnu11;
				GCC_DYNAMIC_NO_PIC = NO;
				GCC_NO_COMMON_BLOCKS = YES;
				GCC_OPTIMIZATION_LEVEL = 0;
				GCC_PREPROCESSOR_DEFINITIONS = (
					"DEBUG=1",
					"$(inherited)",
				);
				GCC_WARN_64_TO_32_BIT_CONVERSION = YES;
				GCC_WARN_ABOUT_RETURN_TYPE = YES_ERROR;
				GCC_WARN_UNDECLARED_SELECTOR = YES;
				GCC_WARN_UNINITIALIZED_AUTOS = YES_AGGRESSIVE;
				GCC_WARN_UNUSED_FUNCTION = YES;
				GCC_WARN_UNUSED_VARIABLE = YES;
				IPHONEOS_DEPLOYMENT_TARGET = 14.1;
				MTL_ENABLE_DEBUG_INFO = INCLUDE_SOURCE;
				MTL_FAST_MATH = YES;
				ONLY_ACTIVE_ARCH = YES;
				SDKROOT = iphoneos;
				SWIFT_ACTIVE_COMPILATION_CONDITIONS = DEBUG;
				SWIFT_OPTIMIZATION_LEVEL = "-Onone";
			};
			name = Debug;
		};
		F233E16B268CFF6B00D44AFD /* Release */ = {
			isa = XCBuildConfiguration;
			buildSettings = {
				ALWAYS_SEARCH_USER_PATHS = NO;
				CLANG_ANALYZER_NONNULL = YES;
				CLANG_ANALYZER_NUMBER_OBJECT_CONVERSION = YES_AGGRESSIVE;
				CLANG_CXX_LANGUAGE_STANDARD = "gnu++14";
				CLANG_CXX_LIBRARY = "libc++";
				CLANG_ENABLE_MODULES = YES;
				CLANG_ENABLE_OBJC_ARC = YES;
				CLANG_ENABLE_OBJC_WEAK = YES;
				CLANG_WARN_BLOCK_CAPTURE_AUTORELEASING = YES;
				CLANG_WARN_BOOL_CONVERSION = YES;
				CLANG_WARN_COMMA = YES;
				CLANG_WARN_CONSTANT_CONVERSION = YES;
				CLANG_WARN_DEPRECATED_OBJC_IMPLEMENTATIONS = YES;
				CLANG_WARN_DIRECT_OBJC_ISA_USAGE = YES_ERROR;
				CLANG_WARN_DOCUMENTATION_COMMENTS = YES;
				CLANG_WARN_EMPTY_BODY = YES;
				CLANG_WARN_ENUM_CONVERSION = YES;
				CLANG_WARN_INFINITE_RECURSION = YES;
				CLANG_WARN_INT_CONVERSION = YES;
				CLANG_WARN_NON_LITERAL_NULL_CONVERSION = YES;
				CLANG_WARN_OBJC_IMPLICIT_RETAIN_SELF = YES;
				CLANG_WARN_OBJC_LITERAL_CONVERSION = YES;
				CLANG_WARN_OBJC_ROOT_CLASS = YES_ERROR;
				CLANG_WARN_QUOTED_INCLUDE_IN_FRAMEWORK_HEADER = YES;
				CLANG_WARN_RANGE_LOOP_ANALYSIS = YES;
				CLANG_WARN_STRICT_PROTOTYPES = YES;
				CLANG_WARN_SUSPICIOUS_MOVE = YES;
				CLANG_WARN_UNGUARDED_AVAILABILITY = YES_AGGRESSIVE;
				CLANG_WARN_UNREACHABLE_CODE = YES;
				CLANG_WARN__DUPLICATE_METHOD_MATCH = YES;
				COPY_PHASE_STRIP = NO;
				DEBUG_INFORMATION_FORMAT = "dwarf-with-dsym";
				ENABLE_NS_ASSERTIONS = NO;
				ENABLE_STRICT_OBJC_MSGSEND = YES;
				GCC_C_LANGUAGE_STANDARD = gnu11;
				GCC_NO_COMMON_BLOCKS = YES;
				GCC_WARN_64_TO_32_BIT_CONVERSION = YES;
				GCC_WARN_ABOUT_RETURN_TYPE = YES_ERROR;
				GCC_WARN_UNDECLARED_SELECTOR = YES;
				GCC_WARN_UNINITIALIZED_AUTOS = YES_AGGRESSIVE;
				GCC_WARN_UNUSED_FUNCTION = YES;
				GCC_WARN_UNUSED_VARIABLE = YES;
				IPHONEOS_DEPLOYMENT_TARGET = 14.1;
				MTL_ENABLE_DEBUG_INFO = NO;
				MTL_FAST_MATH = YES;
				SDKROOT = iphoneos;
				SWIFT_COMPILATION_MODE = wholemodule;
				SWIFT_OPTIMIZATION_LEVEL = "-O";
				VALIDATE_PRODUCT = YES;
			};
			name = Release;
		};
		F233E16D268CFF6B00D44AFD /* Debug */ = {
			isa = XCBuildConfiguration;
			buildSettings = {
				ASSETCATALOG_COMPILER_APPICON_NAME = AppIcon;
				ASSETCATALOG_COMPILER_GLOBAL_ACCENT_COLOR_NAME = AccentColor;
				CODE_SIGN_STYLE = Automatic;
				DEVELOPMENT_TEAM = ABJLZ98S9L;
				INFOPLIST_FILE = ShipAndBox/Info.plist;
				LD_RUNPATH_SEARCH_PATHS = (
					"$(inherited)",
					"@executable_path/Frameworks",
				);
				PRODUCT_BUNDLE_IDENTIFIER = com.isita.ShipAndBox;
				PRODUCT_NAME = "$(TARGET_NAME)";
				SWIFT_VERSION = 5.0;
				TARGETED_DEVICE_FAMILY = "1,2";
			};
			name = Debug;
		};
		F233E16E268CFF6B00D44AFD /* Release */ = {
			isa = XCBuildConfiguration;
			buildSettings = {
				ASSETCATALOG_COMPILER_APPICON_NAME = AppIcon;
				ASSETCATALOG_COMPILER_GLOBAL_ACCENT_COLOR_NAME = AccentColor;
				CODE_SIGN_STYLE = Automatic;
				DEVELOPMENT_TEAM = ABJLZ98S9L;
				INFOPLIST_FILE = ShipAndBox/Info.plist;
				LD_RUNPATH_SEARCH_PATHS = (
					"$(inherited)",
					"@executable_path/Frameworks",
				);
				PRODUCT_BUNDLE_IDENTIFIER = com.isita.ShipAndBox;
				PRODUCT_NAME = "$(TARGET_NAME)";
				SWIFT_VERSION = 5.0;
				TARGETED_DEVICE_FAMILY = "1,2";
			};
			name = Release;
		};
/* End XCBuildConfiguration section */

/* Begin XCConfigurationList section */
		F233E153268CFF6A00D44AFD /* Build configuration list for PBXProject "ShipAndBox" */ = {
			isa = XCConfigurationList;
			buildConfigurations = (
				F233E16A268CFF6B00D44AFD /* Debug */,
				F233E16B268CFF6B00D44AFD /* Release */,
			);
			defaultConfigurationIsVisible = 0;
			defaultConfigurationName = Release;
		};
		F233E16C268CFF6B00D44AFD /* Build configuration list for PBXNativeTarget "ShipAndBox" */ = {
			isa = XCConfigurationList;
			buildConfigurations = (
				F233E16D268CFF6B00D44AFD /* Debug */,
				F233E16E268CFF6B00D44AFD /* Release */,
			);
			defaultConfigurationIsVisible = 0;
			defaultConfigurationName = Release;
		};
/* End XCConfigurationList section */
	};
	rootObject = F233E150268CFF6A00D44AFD /* Project object */;
}
